// !$*UTF8*$!
{
	archiveVersion = 1;
	classes = {
	};
	objectVersion = 56;
	objects = {

/* Begin PBXBuildFile section */
		9D2A22AA2A704DDE00CD86F4 /* ModelCategory.swift in Sources */ = {isa = PBXBuildFile; fileRef = 9D2A22A92A704DDE00CD86F4 /* ModelCategory.swift */; };
		9D2A22B82A71076900CD86F4 /* AddCostViewModel.swift in Sources */ = {isa = PBXBuildFile; fileRef = 9D2A22B72A71076900CD86F4 /* AddCostViewModel.swift */; };
		9D2A22BA2A710D9800CD86F4 /* AddCategoryModel.swift in Sources */ = {isa = PBXBuildFile; fileRef = 9D2A22B92A710D9800CD86F4 /* AddCategoryModel.swift */; };
		9D2A22C42A71643300CD86F4 /* MochiyPopPOne-Regular.ttf in Resources */ = {isa = PBXBuildFile; fileRef = 9D2A22C32A71643300CD86F4 /* MochiyPopPOne-Regular.ttf */; };
		9D2A23122A7451D300CD86F4 /* CostScreen.swift in Sources */ = {isa = PBXBuildFile; fileRef = 9D2A23112A7451D300CD86F4 /* CostScreen.swift */; };
		9D2A23142A74FB3C00CD86F4 /* CardViewController.swift in Sources */ = {isa = PBXBuildFile; fileRef = 9D2A23132A74FB3C00CD86F4 /* CardViewController.swift */; };
		9D2A231A2A7542B100CD86F4 /* ExtensionForGestures.swift in Sources */ = {isa = PBXBuildFile; fileRef = 9D2A23192A7542B100CD86F4 /* ExtensionForGestures.swift */; };
		9D2A233C2A769CF700CD86F4 /* Circle.swift in Sources */ = {isa = PBXBuildFile; fileRef = 9D2A233B2A769CF700CD86F4 /* Circle.swift */; };
		9D4BDE3A2A782937007149EA /* CostScreenViewModel.swift in Sources */ = {isa = PBXBuildFile; fileRef = 9D4BDE392A782937007149EA /* CostScreenViewModel.swift */; };
		9D4C77F42A797D3900B79C01 /* CardViewModel.swift in Sources */ = {isa = PBXBuildFile; fileRef = 9D4C77F32A797D3900B79C01 /* CardViewModel.swift */; };
		9D4C77F62A797DEC00B79C01 /* CostCategoryModel.swift in Sources */ = {isa = PBXBuildFile; fileRef = 9D4C77F52A797DEC00B79C01 /* CostCategoryModel.swift */; };
		9D4C77F82A799DEF00B79C01 /* GetListOfCategoriesService.swift in Sources */ = {isa = PBXBuildFile; fileRef = 9D4C77F72A799DEF00B79C01 /* GetListOfCategoriesService.swift */; };
		9D4C77FA2A79ABC200B79C01 /* ListSortedCostsViewModel.swift in Sources */ = {isa = PBXBuildFile; fileRef = 9D4C77F92A79ABC200B79C01 /* ListSortedCostsViewModel.swift */; };
		9D4C77FC2A79ADB900B79C01 /* ListSortedCostsViewController.swift in Sources */ = {isa = PBXBuildFile; fileRef = 9D4C77FB2A79ADB900B79C01 /* ListSortedCostsViewController.swift */; };
		9D4C77FE2A7A3F5000B79C01 /* SumCostObjects.swift in Sources */ = {isa = PBXBuildFile; fileRef = 9D4C77FD2A7A3F5000B79C01 /* SumCostObjects.swift */; };
		9D4C78002A7A409A00B79C01 /* KeyValueDateModel.swift in Sources */ = {isa = PBXBuildFile; fileRef = 9D4C77FF2A7A409A00B79C01 /* KeyValueDateModel.swift */; };
		9D4C78022A7A4C2C00B79C01 /* SumCostModelsService.swift in Sources */ = {isa = PBXBuildFile; fileRef = 9D4C78012A7A4C2C00B79C01 /* SumCostModelsService.swift */; };
		9D4C78042A7A8B5900B79C01 /* GetStatistics.swift in Sources */ = {isa = PBXBuildFile; fileRef = 9D4C78032A7A8B5900B79C01 /* GetStatistics.swift */; };
		9D4C78062A7AE4F200B79C01 /* CategoryCostsDesignElements.swift in Sources */ = {isa = PBXBuildFile; fileRef = 9D4C78052A7AE4F200B79C01 /* CategoryCostsDesignElements.swift */; };
		9D4C78082A7AE83500B79C01 /* CellForCostScreen.swift in Sources */ = {isa = PBXBuildFile; fileRef = 9D4C78072A7AE83500B79C01 /* CellForCostScreen.swift */; };
		9D4C781B2A7BD4D800B79C01 /* Buttons.swift in Sources */ = {isa = PBXBuildFile; fileRef = 9D4C781A2A7BD4D800B79C01 /* Buttons.swift */; };
		9D4C781D2A7CD8C500B79C01 /* MenuIcon.swift in Sources */ = {isa = PBXBuildFile; fileRef = 9D4C781C2A7CD8C500B79C01 /* MenuIcon.swift */; };
		9D4C78252A7CDFA900B79C01 /* StartContainerController.swift in Sources */ = {isa = PBXBuildFile; fileRef = 9D4C78242A7CDFA900B79C01 /* StartContainerController.swift */; };
		9D4C78272A7CE25B00B79C01 /* MenuViewController.swift in Sources */ = {isa = PBXBuildFile; fileRef = 9D4C78262A7CE25B00B79C01 /* MenuViewController.swift */; };
		9D4C782B2A7CEC9D00B79C01 /* MenuTableViewCell.swift in Sources */ = {isa = PBXBuildFile; fileRef = 9D4C782A2A7CEC9D00B79C01 /* MenuTableViewCell.swift */; };
		9D4C782E2A7CF22B00B79C01 /* MenuModel.swift in Sources */ = {isa = PBXBuildFile; fileRef = 9D4C782D2A7CF22B00B79C01 /* MenuModel.swift */; };
		9D4C78402A7D2A6F00B79C01 /* IncomeScreen.swift in Sources */ = {isa = PBXBuildFile; fileRef = 9D4C783F2A7D2A6F00B79C01 /* IncomeScreen.swift */; };
		9D4C78422A7D2F8300B79C01 /* FinanceGoalsScreen.swift in Sources */ = {isa = PBXBuildFile; fileRef = 9D4C78412A7D2F8300B79C01 /* FinanceGoalsScreen.swift */; };
		9D4C78442A7D332E00B79C01 /* FinanceStatisticsScreen.swift in Sources */ = {isa = PBXBuildFile; fileRef = 9D4C78432A7D332E00B79C01 /* FinanceStatisticsScreen.swift */; };
		9D4C78462A7D343F00B79C01 /* SettingsScreen.swift in Sources */ = {isa = PBXBuildFile; fileRef = 9D4C78452A7D343F00B79C01 /* SettingsScreen.swift */; };
		9D4C78482A7EBE9900B79C01 /* DateCollectionViewCell.swift in Sources */ = {isa = PBXBuildFile; fileRef = 9D4C78472A7EBE9900B79C01 /* DateCollectionViewCell.swift */; };
		9D4C784A2A7F90B000B79C01 /* GoalCell.swift in Sources */ = {isa = PBXBuildFile; fileRef = 9D4C78492A7F90B000B79C01 /* GoalCell.swift */; };
		9D4C784C2A7FB29B00B79C01 /* GoalViewModel.swift in Sources */ = {isa = PBXBuildFile; fileRef = 9D4C784B2A7FB29B00B79C01 /* GoalViewModel.swift */; };
		9D4C784E2A7FB30A00B79C01 /* GoalObject.swift in Sources */ = {isa = PBXBuildFile; fileRef = 9D4C784D2A7FB30A00B79C01 /* GoalObject.swift */; };
		9D4C78502A7FB5CB00B79C01 /* GoalsService.swift in Sources */ = {isa = PBXBuildFile; fileRef = 9D4C784F2A7FB5CB00B79C01 /* GoalsService.swift */; };
		9D4C78522A7FCC6A00B79C01 /* AddGoalViewController.swift in Sources */ = {isa = PBXBuildFile; fileRef = 9D4C78512A7FCC6A00B79C01 /* AddGoalViewController.swift */; };
		9D4C78582A7FD40600B79C01 /* CollectionViewForIconsCell.swift in Sources */ = {isa = PBXBuildFile; fileRef = 9D4C78572A7FD40600B79C01 /* CollectionViewForIconsCell.swift */; };
		9D4C785E2A8112ED00B79C01 /* AddViewController.swift in Sources */ = {isa = PBXBuildFile; fileRef = 9D4C785D2A8112ED00B79C01 /* AddViewController.swift */; };
		9D4C78602A81134900B79C01 /* CategoryCell.swift in Sources */ = {isa = PBXBuildFile; fileRef = 9D4C785F2A81134900B79C01 /* CategoryCell.swift */; };
		9D4C78622A8116A700B79C01 /* AddCostGoalCell.swift in Sources */ = {isa = PBXBuildFile; fileRef = 9D4C78612A8116A700B79C01 /* AddCostGoalCell.swift */; };
		9D4C78642A82240000B79C01 /* DateCell.swift in Sources */ = {isa = PBXBuildFile; fileRef = 9D4C78632A82240000B79C01 /* DateCell.swift */; };
		9D4C78662A82896200B79C01 /* ExtensionSetupCollectionViews.swift in Sources */ = {isa = PBXBuildFile; fileRef = 9D4C78652A82896200B79C01 /* ExtensionSetupCollectionViews.swift */; };
		9D4C78692A838A0500B79C01 /* SaveSumObjects.swift in Sources */ = {isa = PBXBuildFile; fileRef = 9D4C78682A838A0500B79C01 /* SaveSumObjects.swift */; };
		9D7364972A6E8CCD00528949 /* AppDelegate.swift in Sources */ = {isa = PBXBuildFile; fileRef = 9D7364962A6E8CCD00528949 /* AppDelegate.swift */; };
		9D7364992A6E8CCD00528949 /* SceneDelegate.swift in Sources */ = {isa = PBXBuildFile; fileRef = 9D7364982A6E8CCD00528949 /* SceneDelegate.swift */; };
		9D73649E2A6E8CCD00528949 /* Main.storyboard in Resources */ = {isa = PBXBuildFile; fileRef = 9D73649C2A6E8CCD00528949 /* Main.storyboard */; };
		9D7364A02A6E8CCE00528949 /* Assets.xcassets in Resources */ = {isa = PBXBuildFile; fileRef = 9D73649F2A6E8CCE00528949 /* Assets.xcassets */; };
		9D7364A32A6E8CCE00528949 /* LaunchScreen.storyboard in Resources */ = {isa = PBXBuildFile; fileRef = 9D7364A12A6E8CCE00528949 /* LaunchScreen.storyboard */; };
		9DA0D65A2A6E8EC000DFD80F /* Realm in Frameworks */ = {isa = PBXBuildFile; productRef = 9DA0D6592A6E8EC000DFD80F /* Realm */; };
		9DA0D65C2A6E8EC000DFD80F /* RealmSwift in Frameworks */ = {isa = PBXBuildFile; productRef = 9DA0D65B2A6E8EC000DFD80F /* RealmSwift */; };
		9DA0D65E2A6E8F1200DFD80F /* CostViewController.swift in Sources */ = {isa = PBXBuildFile; fileRef = 9DA0D65D2A6E8F1200DFD80F /* CostViewController.swift */; };
		9DA0D6602A6E8F2E00DFD80F /* CostCell.swift in Sources */ = {isa = PBXBuildFile; fileRef = 9DA0D65F2A6E8F2E00DFD80F /* CostCell.swift */; };
		9DA0D6632A6E8F5300DFD80F /* CostRealm.swift in Sources */ = {isa = PBXBuildFile; fileRef = 9DA0D6622A6E8F5300DFD80F /* CostRealm.swift */; };
		9DA0D6652A6E8F7300DFD80F /* CostService.swift in Sources */ = {isa = PBXBuildFile; fileRef = 9DA0D6642A6E8F7300DFD80F /* CostService.swift */; };
		9DA0D6692A6E8FA500DFD80F /* CostModelView.swift in Sources */ = {isa = PBXBuildFile; fileRef = 9DA0D6682A6E8FA500DFD80F /* CostModelView.swift */; };
		9DA0D66B2A6E8FC300DFD80F /* DateInfo.swift in Sources */ = {isa = PBXBuildFile; fileRef = 9DA0D66A2A6E8FC300DFD80F /* DateInfo.swift */; };
		9DA0D66D2A6E8FD700DFD80F /* Categories.swift in Sources */ = {isa = PBXBuildFile; fileRef = 9DA0D66C2A6E8FD700DFD80F /* Categories.swift */; };
		9DA0D6712A6ED08300DFD80F /* DateStorage.swift in Sources */ = {isa = PBXBuildFile; fileRef = 9DA0D6702A6ED08300DFD80F /* DateStorage.swift */; };
		9DA0D6732A6ED0E900DFD80F /* DateModel.swift in Sources */ = {isa = PBXBuildFile; fileRef = 9DA0D6722A6ED0E900DFD80F /* DateModel.swift */; };
		9DA0D67E2A6FD47200DFD80F /* Button.swift in Sources */ = {isa = PBXBuildFile; fileRef = 9DA0D67D2A6FD47200DFD80F /* Button.swift */; };
		9DA0D6802A6FE0CD00DFD80F /* ButtonsStackView.swift in Sources */ = {isa = PBXBuildFile; fileRef = 9DA0D67F2A6FE0CD00DFD80F /* ButtonsStackView.swift */; };
		CEC35E980CEBB7D6F303C8D3 /* Pods_Finance.framework in Frameworks */ = {isa = PBXBuildFile; fileRef = 5F90BBF5C34D9CE4AA548311 /* Pods_Finance.framework */; };
/* End PBXBuildFile section */

/* Begin PBXFileReference section */
		5F90BBF5C34D9CE4AA548311 /* Pods_Finance.framework */ = {isa = PBXFileReference; explicitFileType = wrapper.framework; includeInIndex = 0; path = Pods_Finance.framework; sourceTree = BUILT_PRODUCTS_DIR; };
		9100CF1E62AB52898C622ED7 /* Pods-Finance.debug.xcconfig */ = {isa = PBXFileReference; includeInIndex = 1; lastKnownFileType = text.xcconfig; name = "Pods-Finance.debug.xcconfig"; path = "Target Support Files/Pods-Finance/Pods-Finance.debug.xcconfig"; sourceTree = "<group>"; };
		9D2A22A92A704DDE00CD86F4 /* ModelCategory.swift */ = {isa = PBXFileReference; lastKnownFileType = sourcecode.swift; path = ModelCategory.swift; sourceTree = "<group>"; };
		9D2A22B72A71076900CD86F4 /* AddCostViewModel.swift */ = {isa = PBXFileReference; lastKnownFileType = sourcecode.swift; path = AddCostViewModel.swift; sourceTree = "<group>"; };
		9D2A22B92A710D9800CD86F4 /* AddCategoryModel.swift */ = {isa = PBXFileReference; lastKnownFileType = sourcecode.swift; path = AddCategoryModel.swift; sourceTree = "<group>"; };
		9D2A22C32A71643300CD86F4 /* MochiyPopPOne-Regular.ttf */ = {isa = PBXFileReference; lastKnownFileType = file; path = "MochiyPopPOne-Regular.ttf"; sourceTree = "<group>"; };
		9D2A23112A7451D300CD86F4 /* CostScreen.swift */ = {isa = PBXFileReference; lastKnownFileType = sourcecode.swift; path = CostScreen.swift; sourceTree = "<group>"; };
		9D2A23132A74FB3C00CD86F4 /* CardViewController.swift */ = {isa = PBXFileReference; lastKnownFileType = sourcecode.swift; path = CardViewController.swift; sourceTree = "<group>"; };
		9D2A23192A7542B100CD86F4 /* ExtensionForGestures.swift */ = {isa = PBXFileReference; lastKnownFileType = sourcecode.swift; path = ExtensionForGestures.swift; sourceTree = "<group>"; };
		9D2A233B2A769CF700CD86F4 /* Circle.swift */ = {isa = PBXFileReference; lastKnownFileType = sourcecode.swift; path = Circle.swift; sourceTree = "<group>"; };
		9D4BDE392A782937007149EA /* CostScreenViewModel.swift */ = {isa = PBXFileReference; lastKnownFileType = sourcecode.swift; path = CostScreenViewModel.swift; sourceTree = "<group>"; };
		9D4C77F32A797D3900B79C01 /* CardViewModel.swift */ = {isa = PBXFileReference; lastKnownFileType = sourcecode.swift; path = CardViewModel.swift; sourceTree = "<group>"; };
		9D4C77F52A797DEC00B79C01 /* CostCategoryModel.swift */ = {isa = PBXFileReference; lastKnownFileType = sourcecode.swift; path = CostCategoryModel.swift; sourceTree = "<group>"; };
		9D4C77F72A799DEF00B79C01 /* GetListOfCategoriesService.swift */ = {isa = PBXFileReference; lastKnownFileType = sourcecode.swift; path = GetListOfCategoriesService.swift; sourceTree = "<group>"; };
		9D4C77F92A79ABC200B79C01 /* ListSortedCostsViewModel.swift */ = {isa = PBXFileReference; lastKnownFileType = sourcecode.swift; path = ListSortedCostsViewModel.swift; sourceTree = "<group>"; };
		9D4C77FB2A79ADB900B79C01 /* ListSortedCostsViewController.swift */ = {isa = PBXFileReference; lastKnownFileType = sourcecode.swift; path = ListSortedCostsViewController.swift; sourceTree = "<group>"; };
		9D4C77FD2A7A3F5000B79C01 /* SumCostObjects.swift */ = {isa = PBXFileReference; lastKnownFileType = sourcecode.swift; path = SumCostObjects.swift; sourceTree = "<group>"; };
		9D4C77FF2A7A409A00B79C01 /* KeyValueDateModel.swift */ = {isa = PBXFileReference; lastKnownFileType = sourcecode.swift; path = KeyValueDateModel.swift; sourceTree = "<group>"; };
		9D4C78012A7A4C2C00B79C01 /* SumCostModelsService.swift */ = {isa = PBXFileReference; lastKnownFileType = sourcecode.swift; path = SumCostModelsService.swift; sourceTree = "<group>"; };
		9D4C78032A7A8B5900B79C01 /* GetStatistics.swift */ = {isa = PBXFileReference; lastKnownFileType = sourcecode.swift; path = GetStatistics.swift; sourceTree = "<group>"; };
		9D4C78052A7AE4F200B79C01 /* CategoryCostsDesignElements.swift */ = {isa = PBXFileReference; lastKnownFileType = sourcecode.swift; path = CategoryCostsDesignElements.swift; sourceTree = "<group>"; };
		9D4C78072A7AE83500B79C01 /* CellForCostScreen.swift */ = {isa = PBXFileReference; lastKnownFileType = sourcecode.swift; path = CellForCostScreen.swift; sourceTree = "<group>"; };
		9D4C781A2A7BD4D800B79C01 /* Buttons.swift */ = {isa = PBXFileReference; lastKnownFileType = sourcecode.swift; path = Buttons.swift; sourceTree = "<group>"; };
		9D4C781C2A7CD8C500B79C01 /* MenuIcon.swift */ = {isa = PBXFileReference; lastKnownFileType = sourcecode.swift; path = MenuIcon.swift; sourceTree = "<group>"; };
		9D4C78242A7CDFA900B79C01 /* StartContainerController.swift */ = {isa = PBXFileReference; lastKnownFileType = sourcecode.swift; path = StartContainerController.swift; sourceTree = "<group>"; };
		9D4C78262A7CE25B00B79C01 /* MenuViewController.swift */ = {isa = PBXFileReference; lastKnownFileType = sourcecode.swift; path = MenuViewController.swift; sourceTree = "<group>"; };
		9D4C782A2A7CEC9D00B79C01 /* MenuTableViewCell.swift */ = {isa = PBXFileReference; lastKnownFileType = sourcecode.swift; path = MenuTableViewCell.swift; sourceTree = "<group>"; };
		9D4C782D2A7CF22B00B79C01 /* MenuModel.swift */ = {isa = PBXFileReference; lastKnownFileType = sourcecode.swift; path = MenuModel.swift; sourceTree = "<group>"; };
		9D4C783F2A7D2A6F00B79C01 /* IncomeScreen.swift */ = {isa = PBXFileReference; lastKnownFileType = sourcecode.swift; path = IncomeScreen.swift; sourceTree = "<group>"; };
		9D4C78412A7D2F8300B79C01 /* FinanceGoalsScreen.swift */ = {isa = PBXFileReference; lastKnownFileType = sourcecode.swift; path = FinanceGoalsScreen.swift; sourceTree = "<group>"; };
		9D4C78432A7D332E00B79C01 /* FinanceStatisticsScreen.swift */ = {isa = PBXFileReference; lastKnownFileType = sourcecode.swift; path = FinanceStatisticsScreen.swift; sourceTree = "<group>"; };
		9D4C78452A7D343F00B79C01 /* SettingsScreen.swift */ = {isa = PBXFileReference; lastKnownFileType = sourcecode.swift; path = SettingsScreen.swift; sourceTree = "<group>"; };
		9D4C78472A7EBE9900B79C01 /* DateCollectionViewCell.swift */ = {isa = PBXFileReference; lastKnownFileType = sourcecode.swift; path = DateCollectionViewCell.swift; sourceTree = "<group>"; };
		9D4C78492A7F90B000B79C01 /* GoalCell.swift */ = {isa = PBXFileReference; lastKnownFileType = sourcecode.swift; path = GoalCell.swift; sourceTree = "<group>"; };
		9D4C784B2A7FB29B00B79C01 /* GoalViewModel.swift */ = {isa = PBXFileReference; lastKnownFileType = sourcecode.swift; path = GoalViewModel.swift; sourceTree = "<group>"; };
		9D4C784D2A7FB30A00B79C01 /* GoalObject.swift */ = {isa = PBXFileReference; lastKnownFileType = sourcecode.swift; path = GoalObject.swift; sourceTree = "<group>"; };
		9D4C784F2A7FB5CB00B79C01 /* GoalsService.swift */ = {isa = PBXFileReference; lastKnownFileType = sourcecode.swift; path = GoalsService.swift; sourceTree = "<group>"; };
		9D4C78512A7FCC6A00B79C01 /* AddGoalViewController.swift */ = {isa = PBXFileReference; lastKnownFileType = sourcecode.swift; path = AddGoalViewController.swift; sourceTree = "<group>"; };
		9D4C78572A7FD40600B79C01 /* CollectionViewForIconsCell.swift */ = {isa = PBXFileReference; lastKnownFileType = sourcecode.swift; path = CollectionViewForIconsCell.swift; sourceTree = "<group>"; };
		9D4C785D2A8112ED00B79C01 /* AddViewController.swift */ = {isa = PBXFileReference; lastKnownFileType = sourcecode.swift; path = AddViewController.swift; sourceTree = "<group>"; };
		9D4C785F2A81134900B79C01 /* CategoryCell.swift */ = {isa = PBXFileReference; lastKnownFileType = sourcecode.swift; path = CategoryCell.swift; sourceTree = "<group>"; };
		9D4C78612A8116A700B79C01 /* AddCostGoalCell.swift */ = {isa = PBXFileReference; lastKnownFileType = sourcecode.swift; path = AddCostGoalCell.swift; sourceTree = "<group>"; };
		9D4C78632A82240000B79C01 /* DateCell.swift */ = {isa = PBXFileReference; lastKnownFileType = sourcecode.swift; path = DateCell.swift; sourceTree = "<group>"; };
		9D4C78652A82896200B79C01 /* ExtensionSetupCollectionViews.swift */ = {isa = PBXFileReference; lastKnownFileType = sourcecode.swift; path = ExtensionSetupCollectionViews.swift; sourceTree = "<group>"; };
		9D4C78682A838A0500B79C01 /* SaveSumObjects.swift */ = {isa = PBXFileReference; lastKnownFileType = sourcecode.swift; path = SaveSumObjects.swift; sourceTree = "<group>"; };
		9D7364932A6E8CCD00528949 /* Finance.app */ = {isa = PBXFileReference; explicitFileType = wrapper.application; includeInIndex = 0; path = Finance.app; sourceTree = BUILT_PRODUCTS_DIR; };
		9D7364962A6E8CCD00528949 /* AppDelegate.swift */ = {isa = PBXFileReference; lastKnownFileType = sourcecode.swift; path = AppDelegate.swift; sourceTree = "<group>"; };
		9D7364982A6E8CCD00528949 /* SceneDelegate.swift */ = {isa = PBXFileReference; lastKnownFileType = sourcecode.swift; path = SceneDelegate.swift; sourceTree = "<group>"; };
		9D73649D2A6E8CCD00528949 /* Base */ = {isa = PBXFileReference; lastKnownFileType = file.storyboard; name = Base; path = Base.lproj/Main.storyboard; sourceTree = "<group>"; };
		9D73649F2A6E8CCE00528949 /* Assets.xcassets */ = {isa = PBXFileReference; lastKnownFileType = folder.assetcatalog; path = Assets.xcassets; sourceTree = "<group>"; };
		9D7364A22A6E8CCE00528949 /* Base */ = {isa = PBXFileReference; lastKnownFileType = file.storyboard; name = Base; path = Base.lproj/LaunchScreen.storyboard; sourceTree = "<group>"; };
		9D7364A42A6E8CCE00528949 /* Info.plist */ = {isa = PBXFileReference; lastKnownFileType = text.plist.xml; path = Info.plist; sourceTree = "<group>"; };
		9DA0D65D2A6E8F1200DFD80F /* CostViewController.swift */ = {isa = PBXFileReference; lastKnownFileType = sourcecode.swift; path = CostViewController.swift; sourceTree = "<group>"; };
		9DA0D65F2A6E8F2E00DFD80F /* CostCell.swift */ = {isa = PBXFileReference; lastKnownFileType = sourcecode.swift; path = CostCell.swift; sourceTree = "<group>"; };
		9DA0D6622A6E8F5300DFD80F /* CostRealm.swift */ = {isa = PBXFileReference; lastKnownFileType = sourcecode.swift; path = CostRealm.swift; sourceTree = "<group>"; };
		9DA0D6642A6E8F7300DFD80F /* CostService.swift */ = {isa = PBXFileReference; lastKnownFileType = sourcecode.swift; path = CostService.swift; sourceTree = "<group>"; };
		9DA0D6682A6E8FA500DFD80F /* CostModelView.swift */ = {isa = PBXFileReference; lastKnownFileType = sourcecode.swift; path = CostModelView.swift; sourceTree = "<group>"; };
		9DA0D66A2A6E8FC300DFD80F /* DateInfo.swift */ = {isa = PBXFileReference; lastKnownFileType = sourcecode.swift; path = DateInfo.swift; sourceTree = "<group>"; };
		9DA0D66C2A6E8FD700DFD80F /* Categories.swift */ = {isa = PBXFileReference; lastKnownFileType = sourcecode.swift; path = Categories.swift; sourceTree = "<group>"; };
		9DA0D6702A6ED08300DFD80F /* DateStorage.swift */ = {isa = PBXFileReference; lastKnownFileType = sourcecode.swift; path = DateStorage.swift; sourceTree = "<group>"; };
		9DA0D6722A6ED0E900DFD80F /* DateModel.swift */ = {isa = PBXFileReference; lastKnownFileType = sourcecode.swift; path = DateModel.swift; sourceTree = "<group>"; };
		9DA0D67D2A6FD47200DFD80F /* Button.swift */ = {isa = PBXFileReference; lastKnownFileType = sourcecode.swift; path = Button.swift; sourceTree = "<group>"; };
		9DA0D67F2A6FE0CD00DFD80F /* ButtonsStackView.swift */ = {isa = PBXFileReference; lastKnownFileType = sourcecode.swift; path = ButtonsStackView.swift; sourceTree = "<group>"; };
		B984D3EDD309F9C13FDB8446 /* Pods-Finance.release.xcconfig */ = {isa = PBXFileReference; includeInIndex = 1; lastKnownFileType = text.xcconfig; name = "Pods-Finance.release.xcconfig"; path = "Target Support Files/Pods-Finance/Pods-Finance.release.xcconfig"; sourceTree = "<group>"; };
/* End PBXFileReference section */

/* Begin PBXFrameworksBuildPhase section */
		9D7364902A6E8CCD00528949 /* Frameworks */ = {
			isa = PBXFrameworksBuildPhase;
			buildActionMask = 2147483647;
			files = (
				9DA0D65C2A6E8EC000DFD80F /* RealmSwift in Frameworks */,
				9DA0D65A2A6E8EC000DFD80F /* Realm in Frameworks */,
				CEC35E980CEBB7D6F303C8D3 /* Pods_Finance.framework in Frameworks */,
			);
			runOnlyForDeploymentPostprocessing = 0;
		};
/* End PBXFrameworksBuildPhase section */

/* Begin PBXGroup section */
		113A405B46A359BE78754FB2 /* Pods */ = {
			isa = PBXGroup;
			children = (
				9100CF1E62AB52898C622ED7 /* Pods-Finance.debug.xcconfig */,
				B984D3EDD309F9C13FDB8446 /* Pods-Finance.release.xcconfig */,
			);
			path = Pods;
			sourceTree = "<group>";
		};
		9A19E3BF81C5F319C2000FBD /* Frameworks */ = {
			isa = PBXGroup;
			children = (
				5F90BBF5C34D9CE4AA548311 /* Pods_Finance.framework */,
			);
			name = Frameworks;
			sourceTree = "<group>";
		};
		9D2A22A62A703C7800CD86F4 /* Api */ = {
			isa = PBXGroup;
			children = (
				9DA0D6702A6ED08300DFD80F /* DateStorage.swift */,
				9DA0D6642A6E8F7300DFD80F /* CostService.swift */,
				9D4C784F2A7FB5CB00B79C01 /* GoalsService.swift */,
				9DA0D66A2A6E8FC300DFD80F /* DateInfo.swift */,
				9D4C78032A7A8B5900B79C01 /* GetStatistics.swift */,
				9D4C77F72A799DEF00B79C01 /* GetListOfCategoriesService.swift */,
				9D4C78012A7A4C2C00B79C01 /* SumCostModelsService.swift */,
			);
			path = Api;
			sourceTree = "<group>";
		};
		9D2A22A72A703C9500CD86F4 /* Models */ = {
			isa = PBXGroup;
			children = (
				9DA0D66C2A6E8FD700DFD80F /* Categories.swift */,
				9D2A22A92A704DDE00CD86F4 /* ModelCategory.swift */,
				9D2A22B92A710D9800CD86F4 /* AddCategoryModel.swift */,
				9D4C77FF2A7A409A00B79C01 /* KeyValueDateModel.swift */,
				9D4C784D2A7FB30A00B79C01 /* GoalObject.swift */,
				9DA0D6722A6ED0E900DFD80F /* DateModel.swift */,
				9D4C77FD2A7A3F5000B79C01 /* SumCostObjects.swift */,
				9D4C77F52A797DEC00B79C01 /* CostCategoryModel.swift */,
				9DA0D6622A6E8F5300DFD80F /* CostRealm.swift */,
			);
			path = Models;
			sourceTree = "<group>";
		};
		9D2A22A82A703CD300CD86F4 /* AppFiles */ = {
			isa = PBXGroup;
			children = (
				9D7364962A6E8CCD00528949 /* AppDelegate.swift */,
				9D7364982A6E8CCD00528949 /* SceneDelegate.swift */,
			);
			path = AppFiles;
			sourceTree = "<group>";
		};
		9D4C78092A7AEA5D00B79C01 /* CostScreen */ = {
			isa = PBXGroup;
			children = (
				9D4C780D2A7AEBB500B79C01 /* DesignElements */,
				9D4C780B2A7AEADD00B79C01 /* ViewModels */,
				9D4C780A2A7AEA7A00B79C01 /* ViewControllers */,
			);
			path = CostScreen;
			sourceTree = "<group>";
		};
		9D4C780A2A7AEA7A00B79C01 /* ViewControllers */ = {
			isa = PBXGroup;
			children = (
				9D2A23112A7451D300CD86F4 /* CostScreen.swift */,
				9D2A23132A74FB3C00CD86F4 /* CardViewController.swift */,
				9D4C77FB2A79ADB900B79C01 /* ListSortedCostsViewController.swift */,
			);
			path = ViewControllers;
			sourceTree = "<group>";
		};
		9D4C780B2A7AEADD00B79C01 /* ViewModels */ = {
			isa = PBXGroup;
			children = (
				9D4C77F92A79ABC200B79C01 /* ListSortedCostsViewModel.swift */,
				9D4C77F32A797D3900B79C01 /* CardViewModel.swift */,
				9D4BDE392A782937007149EA /* CostScreenViewModel.swift */,
			);
			path = ViewModels;
			sourceTree = "<group>";
		};
		9D4C780D2A7AEBB500B79C01 /* DesignElements */ = {
			isa = PBXGroup;
			children = (
				9DA0D67D2A6FD47200DFD80F /* Button.swift */,
				9D4C78072A7AE83500B79C01 /* CellForCostScreen.swift */,
				9D4C781A2A7BD4D800B79C01 /* Buttons.swift */,
				9D2A233B2A769CF700CD86F4 /* Circle.swift */,
				9DA0D67F2A6FE0CD00DFD80F /* ButtonsStackView.swift */,
			);
			path = DesignElements;
			sourceTree = "<group>";
		};
		9D4C780E2A7AECB000B79C01 /* AddCostScreen */ = {
			isa = PBXGroup;
			children = (
				9D4C78672A8389D800B79C01 /* Api */,
				9D4C78122A7AEDFA00B79C01 /* DesignElements */,
				9D4C78112A7AEDEC00B79C01 /* ViewModel */,
				9D4C780F2A7AEDC600B79C01 /* ViewControllers */,
			);
			path = AddCostScreen;
			sourceTree = "<group>";
		};
		9D4C780F2A7AEDC600B79C01 /* ViewControllers */ = {
			isa = PBXGroup;
			children = (
				9D4C785D2A8112ED00B79C01 /* AddViewController.swift */,
				9D4C78652A82896200B79C01 /* ExtensionSetupCollectionViews.swift */,
			);
			path = ViewControllers;
			sourceTree = "<group>";
		};
		9D4C78112A7AEDEC00B79C01 /* ViewModel */ = {
			isa = PBXGroup;
			children = (
				9D2A22B72A71076900CD86F4 /* AddCostViewModel.swift */,
			);
			path = ViewModel;
			sourceTree = "<group>";
		};
		9D4C78122A7AEDFA00B79C01 /* DesignElements */ = {
			isa = PBXGroup;
			children = (
				9D4C785F2A81134900B79C01 /* CategoryCell.swift */,
				9D4C78612A8116A700B79C01 /* AddCostGoalCell.swift */,
				9D4C78632A82240000B79C01 /* DateCell.swift */,
			);
			path = DesignElements;
			sourceTree = "<group>";
		};
		9D4C78142A7AEF6500B79C01 /* CostsListScreen */ = {
			isa = PBXGroup;
			children = (
				9D4C78172A7AEFCD00B79C01 /* DesignElements */,
				9D4C78162A7AEFA700B79C01 /* ViewModels */,
				9D4C78152A7AEF8000B79C01 /* ViewControllers */,
			);
			path = CostsListScreen;
			sourceTree = "<group>";
		};
		9D4C78152A7AEF8000B79C01 /* ViewControllers */ = {
			isa = PBXGroup;
			children = (
				9DA0D65D2A6E8F1200DFD80F /* CostViewController.swift */,
			);
			path = ViewControllers;
			sourceTree = "<group>";
		};
		9D4C78162A7AEFA700B79C01 /* ViewModels */ = {
			isa = PBXGroup;
			children = (
				9DA0D6682A6E8FA500DFD80F /* CostModelView.swift */,
			);
			path = ViewModels;
			sourceTree = "<group>";
		};
		9D4C78172A7AEFCD00B79C01 /* DesignElements */ = {
			isa = PBXGroup;
			children = (
				9DA0D65F2A6E8F2E00DFD80F /* CostCell.swift */,
				9D4C78472A7EBE9900B79C01 /* DateCollectionViewCell.swift */,
			);
			path = DesignElements;
			sourceTree = "<group>";
		};
		9D4C78192A7AF0C500B79C01 /* Extensions */ = {
			isa = PBXGroup;
			children = (
				9D2A23192A7542B100CD86F4 /* ExtensionForGestures.swift */,
			);
			path = Extensions;
			sourceTree = "<group>";
		};
		9D4C781E2A7CDE8C00B79C01 /* MenuScreen */ = {
			isa = PBXGroup;
			children = (
				9D4C782C2A7CF21300B79C01 /* Models */,
				9D4C78212A7CDED000B79C01 /* DesignElements */,
				9D4C78202A7CDEC500B79C01 /* ViewModels */,
				9D4C781F2A7CDEB400B79C01 /* ViewControllers */,
			);
			path = MenuScreen;
			sourceTree = "<group>";
		};
		9D4C781F2A7CDEB400B79C01 /* ViewControllers */ = {
			isa = PBXGroup;
			children = (
				9D4C78262A7CE25B00B79C01 /* MenuViewController.swift */,
			);
			path = ViewControllers;
			sourceTree = "<group>";
		};
		9D4C78202A7CDEC500B79C01 /* ViewModels */ = {
			isa = PBXGroup;
			children = (
			);
			path = ViewModels;
			sourceTree = "<group>";
		};
		9D4C78212A7CDED000B79C01 /* DesignElements */ = {
			isa = PBXGroup;
			children = (
				9D4C782A2A7CEC9D00B79C01 /* MenuTableViewCell.swift */,
			);
			path = DesignElements;
			sourceTree = "<group>";
		};
		9D4C78222A7CDF5D00B79C01 /* StartContainerController */ = {
			isa = PBXGroup;
			children = (
				9D4C78232A7CDF8B00B79C01 /* ViewControllers */,
			);
			path = StartContainerController;
			sourceTree = "<group>";
		};
		9D4C78232A7CDF8B00B79C01 /* ViewControllers */ = {
			isa = PBXGroup;
			children = (
				9D4C78242A7CDFA900B79C01 /* StartContainerController.swift */,
			);
			path = ViewControllers;
			sourceTree = "<group>";
		};
		9D4C782C2A7CF21300B79C01 /* Models */ = {
			isa = PBXGroup;
			children = (
				9D4C782D2A7CF22B00B79C01 /* MenuModel.swift */,
			);
			path = Models;
			sourceTree = "<group>";
		};
		9D4C782F2A7D28B600B79C01 /* IncomeScreen */ = {
			isa = PBXGroup;
			children = (
				9D4C78322A7D28E900B79C01 /* DesignElements */,
				9D4C78312A7D28DE00B79C01 /* ViewControllers */,
				9D4C78302A7D28D200B79C01 /* ViewModels */,
			);
			path = IncomeScreen;
			sourceTree = "<group>";
		};
		9D4C78302A7D28D200B79C01 /* ViewModels */ = {
			isa = PBXGroup;
			children = (
			);
			path = ViewModels;
			sourceTree = "<group>";
		};
		9D4C78312A7D28DE00B79C01 /* ViewControllers */ = {
			isa = PBXGroup;
			children = (
				9D4C783F2A7D2A6F00B79C01 /* IncomeScreen.swift */,
			);
			path = ViewControllers;
			sourceTree = "<group>";
		};
		9D4C78322A7D28E900B79C01 /* DesignElements */ = {
			isa = PBXGroup;
			children = (
			);
			path = DesignElements;
			sourceTree = "<group>";
		};
		9D4C78332A7D291100B79C01 /* FinanceGoalsScreen */ = {
			isa = PBXGroup;
			children = (
				9D4C78362A7D294000B79C01 /* DesignElements */,
				9D4C78352A7D293600B79C01 /* ViewModels  */,
				9D4C78342A7D292C00B79C01 /* ViewControllers */,
			);
			path = FinanceGoalsScreen;
			sourceTree = "<group>";
		};
		9D4C78342A7D292C00B79C01 /* ViewControllers */ = {
			isa = PBXGroup;
			children = (
				9D4C78412A7D2F8300B79C01 /* FinanceGoalsScreen.swift */,
				9D4C78512A7FCC6A00B79C01 /* AddGoalViewController.swift */,
			);
			path = ViewControllers;
			sourceTree = "<group>";
		};
		9D4C78352A7D293600B79C01 /* ViewModels  */ = {
			isa = PBXGroup;
			children = (
				9D4C784B2A7FB29B00B79C01 /* GoalViewModel.swift */,
			);
			path = "ViewModels ";
			sourceTree = "<group>";
		};
		9D4C78362A7D294000B79C01 /* DesignElements */ = {
			isa = PBXGroup;
			children = (
				9D4C78492A7F90B000B79C01 /* GoalCell.swift */,
				9D4C78572A7FD40600B79C01 /* CollectionViewForIconsCell.swift */,
			);
			path = DesignElements;
			sourceTree = "<group>";
		};
		9D4C78372A7D294F00B79C01 /* FinanceStatistics */ = {
			isa = PBXGroup;
			children = (
				9D4C783A2A7D297D00B79C01 /* DesignElements */,
				9D4C78392A7D297500B79C01 /* ViewModels */,
				9D4C78382A7D296A00B79C01 /* ViewControllers */,
			);
			path = FinanceStatistics;
			sourceTree = "<group>";
		};
		9D4C78382A7D296A00B79C01 /* ViewControllers */ = {
			isa = PBXGroup;
			children = (
				9D4C78432A7D332E00B79C01 /* FinanceStatisticsScreen.swift */,
			);
			path = ViewControllers;
			sourceTree = "<group>";
		};
		9D4C78392A7D297500B79C01 /* ViewModels */ = {
			isa = PBXGroup;
			children = (
			);
			path = ViewModels;
			sourceTree = "<group>";
		};
		9D4C783A2A7D297D00B79C01 /* DesignElements */ = {
			isa = PBXGroup;
			children = (
			);
			path = DesignElements;
			sourceTree = "<group>";
		};
		9D4C783B2A7D29A100B79C01 /* Settings */ = {
			isa = PBXGroup;
			children = (
				9D4C783E2A7D29BE00B79C01 /* DesignElements */,
				9D4C783D2A7D29B500B79C01 /* ViewModels */,
				9D4C783C2A7D29AB00B79C01 /* ViewControllers */,
			);
			path = Settings;
			sourceTree = "<group>";
		};
		9D4C783C2A7D29AB00B79C01 /* ViewControllers */ = {
			isa = PBXGroup;
			children = (
				9D4C78452A7D343F00B79C01 /* SettingsScreen.swift */,
			);
			path = ViewControllers;
			sourceTree = "<group>";
		};
		9D4C783D2A7D29B500B79C01 /* ViewModels */ = {
			isa = PBXGroup;
			children = (
			);
			path = ViewModels;
			sourceTree = "<group>";
		};
		9D4C783E2A7D29BE00B79C01 /* DesignElements */ = {
			isa = PBXGroup;
			children = (
			);
			path = DesignElements;
			sourceTree = "<group>";
		};
		9D4C78672A8389D800B79C01 /* Api */ = {
			isa = PBXGroup;
			children = (
				9D4C78682A838A0500B79C01 /* SaveSumObjects.swift */,
			);
			path = Api;
			sourceTree = "<group>";
		};
		9D73648A2A6E8CCD00528949 = {
			isa = PBXGroup;
			children = (
				9D7364952A6E8CCD00528949 /* Finance */,
				9D7364942A6E8CCD00528949 /* Products */,
				113A405B46A359BE78754FB2 /* Pods */,
				9A19E3BF81C5F319C2000FBD /* Frameworks */,
			);
			sourceTree = "<group>";
		};
		9D7364942A6E8CCD00528949 /* Products */ = {
			isa = PBXGroup;
			children = (
				9D7364932A6E8CCD00528949 /* Finance.app */,
			);
			name = Products;
			sourceTree = "<group>";
		};
		9D7364952A6E8CCD00528949 /* Finance */ = {
			isa = PBXGroup;
			children = (
				9D2A22C32A71643300CD86F4 /* MochiyPopPOne-Regular.ttf */,
				9D7364A42A6E8CCE00528949 /* Info.plist */,
				9D4C783B2A7D29A100B79C01 /* Settings */,
				9D4C78372A7D294F00B79C01 /* FinanceStatistics */,
				9D4C78332A7D291100B79C01 /* FinanceGoalsScreen */,
				9D4C782F2A7D28B600B79C01 /* IncomeScreen */,
				9D4C78222A7CDF5D00B79C01 /* StartContainerController */,
				9D4C781E2A7CDE8C00B79C01 /* MenuScreen */,
				9D4C78192A7AF0C500B79C01 /* Extensions */,
				9D4C78142A7AEF6500B79C01 /* CostsListScreen */,
				9D4C78092A7AEA5D00B79C01 /* CostScreen */,
				9D4C780E2A7AECB000B79C01 /* AddCostScreen */,
				9D2A22A82A703CD300CD86F4 /* AppFiles */,
				9DA0D67C2A6FD44800DFD80F /* Design Elements */,
				9D2A22A72A703C9500CD86F4 /* Models */,
				9D2A22A62A703C7800CD86F4 /* Api */,
			);
			path = Finance;
			sourceTree = "<group>";
		};
		9DA0D67C2A6FD44800DFD80F /* Design Elements */ = {
			isa = PBXGroup;
			children = (
				9D73649C2A6E8CCD00528949 /* Main.storyboard */,
				9D7364A12A6E8CCE00528949 /* LaunchScreen.storyboard */,
				9D73649F2A6E8CCE00528949 /* Assets.xcassets */,
				9D4C781C2A7CD8C500B79C01 /* MenuIcon.swift */,
				9D4C78052A7AE4F200B79C01 /* CategoryCostsDesignElements.swift */,
			);
			path = "Design Elements";
			sourceTree = "<group>";
		};
/* End PBXGroup section */

/* Begin PBXNativeTarget section */
		9D7364922A6E8CCD00528949 /* Finance */ = {
			isa = PBXNativeTarget;
			buildConfigurationList = 9D7364A72A6E8CCE00528949 /* Build configuration list for PBXNativeTarget "Finance" */;
			buildPhases = (
				25646BA8C70E0B4AE7560648 /* [CP] Check Pods Manifest.lock */,
				9D73648F2A6E8CCD00528949 /* Sources */,
				9D7364902A6E8CCD00528949 /* Frameworks */,
				9D7364912A6E8CCD00528949 /* Resources */,
				698623FAE3B374F92262CAA7 /* [CP] Embed Pods Frameworks */,
			);
			buildRules = (
			);
			dependencies = (
			);
			name = Finance;
			packageProductDependencies = (
				9DA0D6592A6E8EC000DFD80F /* Realm */,
				9DA0D65B2A6E8EC000DFD80F /* RealmSwift */,
			);
			productName = Finance;
			productReference = 9D7364932A6E8CCD00528949 /* Finance.app */;
			productType = "com.apple.product-type.application";
		};
/* End PBXNativeTarget section */

/* Begin PBXProject section */
		9D73648B2A6E8CCD00528949 /* Project object */ = {
			isa = PBXProject;
			attributes = {
				BuildIndependentTargetsInParallel = 1;
				LastSwiftUpdateCheck = 1430;
				LastUpgradeCheck = 1430;
				TargetAttributes = {
					9D7364922A6E8CCD00528949 = {
						CreatedOnToolsVersion = 14.3.1;
					};
				};
			};
			buildConfigurationList = 9D73648E2A6E8CCD00528949 /* Build configuration list for PBXProject "Finance" */;
			compatibilityVersion = "Xcode 14.0";
			developmentRegion = en;
			hasScannedForEncodings = 0;
			knownRegions = (
				en,
				Base,
			);
			mainGroup = 9D73648A2A6E8CCD00528949;
			packageReferences = (
				9DA0D6582A6E8EC000DFD80F /* XCRemoteSwiftPackageReference "realm-swift" */,
			);
			productRefGroup = 9D7364942A6E8CCD00528949 /* Products */;
			projectDirPath = "";
			projectRoot = "";
			targets = (
				9D7364922A6E8CCD00528949 /* Finance */,
			);
		};
/* End PBXProject section */

/* Begin PBXResourcesBuildPhase section */
		9D7364912A6E8CCD00528949 /* Resources */ = {
			isa = PBXResourcesBuildPhase;
			buildActionMask = 2147483647;
			files = (
				9D7364A32A6E8CCE00528949 /* LaunchScreen.storyboard in Resources */,
				9D7364A02A6E8CCE00528949 /* Assets.xcassets in Resources */,
				9D2A22C42A71643300CD86F4 /* MochiyPopPOne-Regular.ttf in Resources */,
				9D73649E2A6E8CCD00528949 /* Main.storyboard in Resources */,
			);
			runOnlyForDeploymentPostprocessing = 0;
		};
/* End PBXResourcesBuildPhase section */

/* Begin PBXShellScriptBuildPhase section */
		25646BA8C70E0B4AE7560648 /* [CP] Check Pods Manifest.lock */ = {
			isa = PBXShellScriptBuildPhase;
			buildActionMask = 2147483647;
			files = (
			);
			inputFileListPaths = (
			);
			inputPaths = (
				"${PODS_PODFILE_DIR_PATH}/Podfile.lock",
				"${PODS_ROOT}/Manifest.lock",
			);
			name = "[CP] Check Pods Manifest.lock";
			outputFileListPaths = (
			);
			outputPaths = (
				"$(DERIVED_FILE_DIR)/Pods-Finance-checkManifestLockResult.txt",
			);
			runOnlyForDeploymentPostprocessing = 0;
			shellPath = /bin/sh;
			shellScript = "diff \"${PODS_PODFILE_DIR_PATH}/Podfile.lock\" \"${PODS_ROOT}/Manifest.lock\" > /dev/null\nif [ $? != 0 ] ; then\n    # print error to STDERR\n    echo \"error: The sandbox is not in sync with the Podfile.lock. Run 'pod install' or update your CocoaPods installation.\" >&2\n    exit 1\nfi\n# This output is used by Xcode 'outputs' to avoid re-running this script phase.\necho \"SUCCESS\" > \"${SCRIPT_OUTPUT_FILE_0}\"\n";
			showEnvVarsInLog = 0;
		};
		698623FAE3B374F92262CAA7 /* [CP] Embed Pods Frameworks */ = {
			isa = PBXShellScriptBuildPhase;
			buildActionMask = 2147483647;
			files = (
			);
			inputFileListPaths = (
				"${PODS_ROOT}/Target Support Files/Pods-Finance/Pods-Finance-frameworks-${CONFIGURATION}-input-files.xcfilelist",
			);
			name = "[CP] Embed Pods Frameworks";
			outputFileListPaths = (
				"${PODS_ROOT}/Target Support Files/Pods-Finance/Pods-Finance-frameworks-${CONFIGURATION}-output-files.xcfilelist",
			);
			runOnlyForDeploymentPostprocessing = 0;
			shellPath = /bin/sh;
			shellScript = "\"${PODS_ROOT}/Target Support Files/Pods-Finance/Pods-Finance-frameworks.sh\"\n";
			showEnvVarsInLog = 0;
		};
/* End PBXShellScriptBuildPhase section */

/* Begin PBXSourcesBuildPhase section */
		9D73648F2A6E8CCD00528949 /* Sources */ = {
			isa = PBXSourcesBuildPhase;
			buildActionMask = 2147483647;
			files = (
				9D4C78062A7AE4F200B79C01 /* CategoryCostsDesignElements.swift in Sources */,
				9D4C782B2A7CEC9D00B79C01 /* MenuTableViewCell.swift in Sources */,
				9D4C78002A7A409A00B79C01 /* KeyValueDateModel.swift in Sources */,
				9DA0D6732A6ED0E900DFD80F /* DateModel.swift in Sources */,
				9D2A23142A74FB3C00CD86F4 /* CardViewController.swift in Sources */,
				9D4C77FC2A79ADB900B79C01 /* ListSortedCostsViewController.swift in Sources */,
				9D4C78422A7D2F8300B79C01 /* FinanceGoalsScreen.swift in Sources */,
				9D7364972A6E8CCD00528949 /* AppDelegate.swift in Sources */,
				9D4C78272A7CE25B00B79C01 /* MenuViewController.swift in Sources */,
				9D7364992A6E8CCD00528949 /* SceneDelegate.swift in Sources */,
				9D2A22BA2A710D9800CD86F4 /* AddCategoryModel.swift in Sources */,
				9D2A231A2A7542B100CD86F4 /* ExtensionForGestures.swift in Sources */,
				9DA0D6652A6E8F7300DFD80F /* CostService.swift in Sources */,
				9D2A22AA2A704DDE00CD86F4 /* ModelCategory.swift in Sources */,
				9DA0D6802A6FE0CD00DFD80F /* ButtonsStackView.swift in Sources */,
				9D4C78482A7EBE9900B79C01 /* DateCollectionViewCell.swift in Sources */,
				9D4C78082A7AE83500B79C01 /* CellForCostScreen.swift in Sources */,
				9D2A22B82A71076900CD86F4 /* AddCostViewModel.swift in Sources */,
				9DA0D67E2A6FD47200DFD80F /* Button.swift in Sources */,
				9D4C784E2A7FB30A00B79C01 /* GoalObject.swift in Sources */,
				9D4C784A2A7F90B000B79C01 /* GoalCell.swift in Sources */,
				9D4C77F82A799DEF00B79C01 /* GetListOfCategoriesService.swift in Sources */,
				9D4C78692A838A0500B79C01 /* SaveSumObjects.swift in Sources */,
				9D4C78602A81134900B79C01 /* CategoryCell.swift in Sources */,
				9D2A23122A7451D300CD86F4 /* CostScreen.swift in Sources */,
				9D4C78662A82896200B79C01 /* ExtensionSetupCollectionViews.swift in Sources */,
				9DA0D6692A6E8FA500DFD80F /* CostModelView.swift in Sources */,
				9DA0D66D2A6E8FD700DFD80F /* Categories.swift in Sources */,
				9D4C77FA2A79ABC200B79C01 /* ListSortedCostsViewModel.swift in Sources */,
				9DA0D6602A6E8F2E00DFD80F /* CostCell.swift in Sources */,
				9D4C78502A7FB5CB00B79C01 /* GoalsService.swift in Sources */,
				9D4C77F62A797DEC00B79C01 /* CostCategoryModel.swift in Sources */,
				9D4C78022A7A4C2C00B79C01 /* SumCostModelsService.swift in Sources */,
				9D4C784C2A7FB29B00B79C01 /* GoalViewModel.swift in Sources */,
				9D4C77F42A797D3900B79C01 /* CardViewModel.swift in Sources */,
				9D4C78462A7D343F00B79C01 /* SettingsScreen.swift in Sources */,
				9D2A233C2A769CF700CD86F4 /* Circle.swift in Sources */,
				9D4C781B2A7BD4D800B79C01 /* Buttons.swift in Sources */,
				9D4C781D2A7CD8C500B79C01 /* MenuIcon.swift in Sources */,
				9DA0D66B2A6E8FC300DFD80F /* DateInfo.swift in Sources */,
				9D4C78522A7FCC6A00B79C01 /* AddGoalViewController.swift in Sources */,
				9DA0D6632A6E8F5300DFD80F /* CostRealm.swift in Sources */,
				9DA0D6712A6ED08300DFD80F /* DateStorage.swift in Sources */,
				9DA0D65E2A6E8F1200DFD80F /* CostViewController.swift in Sources */,
				9D4C77FE2A7A3F5000B79C01 /* SumCostObjects.swift in Sources */,
				9D4C78252A7CDFA900B79C01 /* StartContainerController.swift in Sources */,
				9D4C78622A8116A700B79C01 /* AddCostGoalCell.swift in Sources */,
				9D4C782E2A7CF22B00B79C01 /* MenuModel.swift in Sources */,
				9D4C78582A7FD40600B79C01 /* CollectionViewForIconsCell.swift in Sources */,
				9D4C78402A7D2A6F00B79C01 /* IncomeScreen.swift in Sources */,
				9D4BDE3A2A782937007149EA /* CostScreenViewModel.swift in Sources */,
				9D4C78042A7A8B5900B79C01 /* GetStatistics.swift in Sources */,
				9D4C785E2A8112ED00B79C01 /* AddViewController.swift in Sources */,
				9D4C78642A82240000B79C01 /* DateCell.swift in Sources */,
				9D4C78442A7D332E00B79C01 /* FinanceStatisticsScreen.swift in Sources */,
			);
			runOnlyForDeploymentPostprocessing = 0;
		};
/* End PBXSourcesBuildPhase section */

/* Begin PBXVariantGroup section */
		9D73649C2A6E8CCD00528949 /* Main.storyboard */ = {
			isa = PBXVariantGroup;
			children = (
				9D73649D2A6E8CCD00528949 /* Base */,
			);
			name = Main.storyboard;
			sourceTree = "<group>";
		};
		9D7364A12A6E8CCE00528949 /* LaunchScreen.storyboard */ = {
			isa = PBXVariantGroup;
			children = (
				9D7364A22A6E8CCE00528949 /* Base */,
			);
			name = LaunchScreen.storyboard;
			sourceTree = "<group>";
		};
/* End PBXVariantGroup section */

/* Begin XCBuildConfiguration section */
		9D7364A52A6E8CCE00528949 /* Debug */ = {
			isa = XCBuildConfiguration;
			buildSettings = {
				ALWAYS_SEARCH_USER_PATHS = NO;
				CLANG_ANALYZER_NONNULL = YES;
				CLANG_ANALYZER_NUMBER_OBJECT_CONVERSION = YES_AGGRESSIVE;
				CLANG_CXX_LANGUAGE_STANDARD = "gnu++20";
				CLANG_ENABLE_MODULES = YES;
				CLANG_ENABLE_OBJC_ARC = YES;
				CLANG_ENABLE_OBJC_WEAK = YES;
				CLANG_WARN_BLOCK_CAPTURE_AUTORELEASING = YES;
				CLANG_WARN_BOOL_CONVERSION = YES;
				CLANG_WARN_COMMA = YES;
				CLANG_WARN_CONSTANT_CONVERSION = YES;
				CLANG_WARN_DEPRECATED_OBJC_IMPLEMENTATIONS = YES;
				CLANG_WARN_DIRECT_OBJC_ISA_USAGE = YES_ERROR;
				CLANG_WARN_DOCUMENTATION_COMMENTS = YES;
				CLANG_WARN_EMPTY_BODY = YES;
				CLANG_WARN_ENUM_CONVERSION = YES;
				CLANG_WARN_INFINITE_RECURSION = YES;
				CLANG_WARN_INT_CONVERSION = YES;
				CLANG_WARN_NON_LITERAL_NULL_CONVERSION = YES;
				CLANG_WARN_OBJC_IMPLICIT_RETAIN_SELF = YES;
				CLANG_WARN_OBJC_LITERAL_CONVERSION = YES;
				CLANG_WARN_OBJC_ROOT_CLASS = YES_ERROR;
				CLANG_WARN_QUOTED_INCLUDE_IN_FRAMEWORK_HEADER = YES;
				CLANG_WARN_RANGE_LOOP_ANALYSIS = YES;
				CLANG_WARN_STRICT_PROTOTYPES = YES;
				CLANG_WARN_SUSPICIOUS_MOVE = YES;
				CLANG_WARN_UNGUARDED_AVAILABILITY = YES_AGGRESSIVE;
				CLANG_WARN_UNREACHABLE_CODE = YES;
				CLANG_WARN__DUPLICATE_METHOD_MATCH = YES;
				COPY_PHASE_STRIP = NO;
				DEBUG_INFORMATION_FORMAT = dwarf;
				ENABLE_STRICT_OBJC_MSGSEND = YES;
				ENABLE_TESTABILITY = YES;
				GCC_C_LANGUAGE_STANDARD = gnu11;
				GCC_DYNAMIC_NO_PIC = NO;
				GCC_NO_COMMON_BLOCKS = YES;
				GCC_OPTIMIZATION_LEVEL = 0;
				GCC_PREPROCESSOR_DEFINITIONS = (
					"DEBUG=1",
					"$(inherited)",
				);
				GCC_WARN_64_TO_32_BIT_CONVERSION = YES;
				GCC_WARN_ABOUT_RETURN_TYPE = YES_ERROR;
				GCC_WARN_UNDECLARED_SELECTOR = YES;
				GCC_WARN_UNINITIALIZED_AUTOS = YES_AGGRESSIVE;
				GCC_WARN_UNUSED_FUNCTION = YES;
				GCC_WARN_UNUSED_VARIABLE = YES;
				IPHONEOS_DEPLOYMENT_TARGET = 16.4;
				MTL_ENABLE_DEBUG_INFO = INCLUDE_SOURCE;
				MTL_FAST_MATH = YES;
				ONLY_ACTIVE_ARCH = YES;
				SDKROOT = iphoneos;
				SWIFT_ACTIVE_COMPILATION_CONDITIONS = DEBUG;
				SWIFT_OPTIMIZATION_LEVEL = "-Onone";
			};
			name = Debug;
		};
		9D7364A62A6E8CCE00528949 /* Release */ = {
			isa = XCBuildConfiguration;
			buildSettings = {
				ALWAYS_SEARCH_USER_PATHS = NO;
				CLANG_ANALYZER_NONNULL = YES;
				CLANG_ANALYZER_NUMBER_OBJECT_CONVERSION = YES_AGGRESSIVE;
				CLANG_CXX_LANGUAGE_STANDARD = "gnu++20";
				CLANG_ENABLE_MODULES = YES;
				CLANG_ENABLE_OBJC_ARC = YES;
				CLANG_ENABLE_OBJC_WEAK = YES;
				CLANG_WARN_BLOCK_CAPTURE_AUTORELEASING = YES;
				CLANG_WARN_BOOL_CONVERSION = YES;
				CLANG_WARN_COMMA = YES;
				CLANG_WARN_CONSTANT_CONVERSION = YES;
				CLANG_WARN_DEPRECATED_OBJC_IMPLEMENTATIONS = YES;
				CLANG_WARN_DIRECT_OBJC_ISA_USAGE = YES_ERROR;
				CLANG_WARN_DOCUMENTATION_COMMENTS = YES;
				CLANG_WARN_EMPTY_BODY = YES;
				CLANG_WARN_ENUM_CONVERSION = YES;
				CLANG_WARN_INFINITE_RECURSION = YES;
				CLANG_WARN_INT_CONVERSION = YES;
				CLANG_WARN_NON_LITERAL_NULL_CONVERSION = YES;
				CLANG_WARN_OBJC_IMPLICIT_RETAIN_SELF = YES;
				CLANG_WARN_OBJC_LITERAL_CONVERSION = YES;
				CLANG_WARN_OBJC_ROOT_CLASS = YES_ERROR;
				CLANG_WARN_QUOTED_INCLUDE_IN_FRAMEWORK_HEADER = YES;
				CLANG_WARN_RANGE_LOOP_ANALYSIS = YES;
				CLANG_WARN_STRICT_PROTOTYPES = YES;
				CLANG_WARN_SUSPICIOUS_MOVE = YES;
				CLANG_WARN_UNGUARDED_AVAILABILITY = YES_AGGRESSIVE;
				CLANG_WARN_UNREACHABLE_CODE = YES;
				CLANG_WARN__DUPLICATE_METHOD_MATCH = YES;
				COPY_PHASE_STRIP = NO;
				DEBUG_INFORMATION_FORMAT = "dwarf-with-dsym";
				ENABLE_NS_ASSERTIONS = NO;
				ENABLE_STRICT_OBJC_MSGSEND = YES;
				GCC_C_LANGUAGE_STANDARD = gnu11;
				GCC_NO_COMMON_BLOCKS = YES;
				GCC_WARN_64_TO_32_BIT_CONVERSION = YES;
				GCC_WARN_ABOUT_RETURN_TYPE = YES_ERROR;
				GCC_WARN_UNDECLARED_SELECTOR = YES;
				GCC_WARN_UNINITIALIZED_AUTOS = YES_AGGRESSIVE;
				GCC_WARN_UNUSED_FUNCTION = YES;
				GCC_WARN_UNUSED_VARIABLE = YES;
				IPHONEOS_DEPLOYMENT_TARGET = 16.4;
				MTL_ENABLE_DEBUG_INFO = NO;
				MTL_FAST_MATH = YES;
				SDKROOT = iphoneos;
				SWIFT_COMPILATION_MODE = wholemodule;
				SWIFT_OPTIMIZATION_LEVEL = "-O";
				VALIDATE_PRODUCT = YES;
			};
			name = Release;
		};
		9D7364A82A6E8CCE00528949 /* Debug */ = {
			isa = XCBuildConfiguration;
			baseConfigurationReference = 9100CF1E62AB52898C622ED7 /* Pods-Finance.debug.xcconfig */;
			buildSettings = {
				ASSETCATALOG_COMPILER_APPICON_NAME = AppIcon;
				ASSETCATALOG_COMPILER_GLOBAL_ACCENT_COLOR_NAME = AccentColor;
				CODE_SIGN_STYLE = Automatic;
				CURRENT_PROJECT_VERSION = 1;
				DEVELOPMENT_TEAM = 34UB5HMPNV;
				GENERATE_INFOPLIST_FILE = YES;
				INFOPLIST_FILE = Finance/Info.plist;
				INFOPLIST_KEY_UIApplicationSupportsIndirectInputEvents = YES;
				INFOPLIST_KEY_UILaunchStoryboardName = LaunchScreen;
				INFOPLIST_KEY_UIMainStoryboardFile = Main;
				INFOPLIST_KEY_UISupportedInterfaceOrientations = UIInterfaceOrientationPortrait;
				INFOPLIST_KEY_UISupportedInterfaceOrientations_iPad = "UIInterfaceOrientationLandscapeLeft UIInterfaceOrientationLandscapeRight UIInterfaceOrientationPortrait UIInterfaceOrientationPortraitUpsideDown";
				IPHONEOS_DEPLOYMENT_TARGET = 16.0;
				LD_RUNPATH_SEARCH_PATHS = (
					"$(inherited)",
					"@executable_path/Frameworks",
				);
				MARKETING_VERSION = 1.0;
				PRODUCT_BUNDLE_IDENTIFIER = ilyaagoryaev.Finance;
				PRODUCT_NAME = "$(TARGET_NAME)";
				SUPPORTED_PLATFORMS = "iphoneos iphonesimulator";
				SUPPORTS_MACCATALYST = NO;
				SUPPORTS_MAC_DESIGNED_FOR_IPHONE_IPAD = NO;
				SWIFT_EMIT_LOC_STRINGS = YES;
				SWIFT_VERSION = 5.0;
				TARGETED_DEVICE_FAMILY = 1;
			};
			name = Debug;
		};
		9D7364A92A6E8CCE00528949 /* Release */ = {
			isa = XCBuildConfiguration;
			baseConfigurationReference = B984D3EDD309F9C13FDB8446 /* Pods-Finance.release.xcconfig */;
			buildSettings = {
				ASSETCATALOG_COMPILER_APPICON_NAME = AppIcon;
				ASSETCATALOG_COMPILER_GLOBAL_ACCENT_COLOR_NAME = AccentColor;
				CODE_SIGN_STYLE = Automatic;
				CURRENT_PROJECT_VERSION = 1;
				DEVELOPMENT_TEAM = 34UB5HMPNV;
				GENERATE_INFOPLIST_FILE = YES;
				INFOPLIST_FILE = Finance/Info.plist;
				INFOPLIST_KEY_UIApplicationSupportsIndirectInputEvents = YES;
				INFOPLIST_KEY_UILaunchStoryboardName = LaunchScreen;
				INFOPLIST_KEY_UIMainStoryboardFile = Main;
				INFOPLIST_KEY_UISupportedInterfaceOrientations = UIInterfaceOrientationPortrait;
				INFOPLIST_KEY_UISupportedInterfaceOrientations_iPad = "UIInterfaceOrientationLandscapeLeft UIInterfaceOrientationLandscapeRight UIInterfaceOrientationPortrait UIInterfaceOrientationPortraitUpsideDown";
				IPHONEOS_DEPLOYMENT_TARGET = 16.0;
				LD_RUNPATH_SEARCH_PATHS = (
					"$(inherited)",
					"@executable_path/Frameworks",
				);
				MARKETING_VERSION = 1.0;
				PRODUCT_BUNDLE_IDENTIFIER = ilyaagoryaev.Finance;
				PRODUCT_NAME = "$(TARGET_NAME)";
				SUPPORTED_PLATFORMS = "iphoneos iphonesimulator";
				SUPPORTS_MACCATALYST = NO;
				SUPPORTS_MAC_DESIGNED_FOR_IPHONE_IPAD = NO;
				SWIFT_EMIT_LOC_STRINGS = YES;
				SWIFT_VERSION = 5.0;
				TARGETED_DEVICE_FAMILY = 1;
			};
			name = Release;
		};
/* End XCBuildConfiguration section */

/* Begin XCConfigurationList section */
		9D73648E2A6E8CCD00528949 /* Build configuration list for PBXProject "Finance" */ = {
			isa = XCConfigurationList;
			buildConfigurations = (
				9D7364A52A6E8CCE00528949 /* Debug */,
				9D7364A62A6E8CCE00528949 /* Release */,
			);
			defaultConfigurationIsVisible = 0;
			defaultConfigurationName = Release;
		};
		9D7364A72A6E8CCE00528949 /* Build configuration list for PBXNativeTarget "Finance" */ = {
			isa = XCConfigurationList;
			buildConfigurations = (
				9D7364A82A6E8CCE00528949 /* Debug */,
				9D7364A92A6E8CCE00528949 /* Release */,
			);
			defaultConfigurationIsVisible = 0;
			defaultConfigurationName = Release;
		};
/* End XCConfigurationList section */

/* Begin XCRemoteSwiftPackageReference section */
		9DA0D6582A6E8EC000DFD80F /* XCRemoteSwiftPackageReference "realm-swift" */ = {
			isa = XCRemoteSwiftPackageReference;
			repositoryURL = "https://github.com/realm/realm-swift.git";
			requirement = {
				branch = master;
				kind = branch;
			};
		};
/* End XCRemoteSwiftPackageReference section */

/* Begin XCSwiftPackageProductDependency section */
		9DA0D6592A6E8EC000DFD80F /* Realm */ = {
			isa = XCSwiftPackageProductDependency;
			package = 9DA0D6582A6E8EC000DFD80F /* XCRemoteSwiftPackageReference "realm-swift" */;
			productName = Realm;
		};
		9DA0D65B2A6E8EC000DFD80F /* RealmSwift */ = {
			isa = XCSwiftPackageProductDependency;
			package = 9DA0D6582A6E8EC000DFD80F /* XCRemoteSwiftPackageReference "realm-swift" */;
			productName = RealmSwift;
		};
/* End XCSwiftPackageProductDependency section */
	};
	rootObject = 9D73648B2A6E8CCD00528949 /* Project object */;
}
