// !$*UTF8*$!
{
	archiveVersion = 1;
	classes = {
	};
	objectVersion = 56;
	objects = {

/* Begin PBXBuildFile section */
		9D1A99A62A8D7C5F00A78AC2 /* IncomeRealm.swift in Sources */ = {isa = PBXBuildFile; fileRef = 9D1A99A52A8D7C5F00A78AC2 /* IncomeRealm.swift */; };
		9D1A99A82A8D7D5E00A78AC2 /* SumIncomeObjects.swift in Sources */ = {isa = PBXBuildFile; fileRef = 9D1A99A72A8D7D5E00A78AC2 /* SumIncomeObjects.swift */; };
		9D1A99AA2A8D7FCC00A78AC2 /* IncomeService.swift in Sources */ = {isa = PBXBuildFile; fileRef = 9D1A99A92A8D7FCC00A78AC2 /* IncomeService.swift */; };
		9D1A99AC2A8D81D200A78AC2 /* GetIncomeStatistics.swift in Sources */ = {isa = PBXBuildFile; fileRef = 9D1A99AB2A8D81D200A78AC2 /* GetIncomeStatistics.swift */; };
		9D1A99AE2A8D82DC00A78AC2 /* SumIncomeModelsService.swift in Sources */ = {isa = PBXBuildFile; fileRef = 9D1A99AD2A8D82DB00A78AC2 /* SumIncomeModelsService.swift */; };
		9D1A99B02A8D842000A78AC2 /* CellForIncomeScreen.swift in Sources */ = {isa = PBXBuildFile; fileRef = 9D1A99AF2A8D842000A78AC2 /* CellForIncomeScreen.swift */; };
		9D1A99B42A8D84A700A78AC2 /* IncomeScreenViewModel.swift in Sources */ = {isa = PBXBuildFile; fileRef = 9D1A99B32A8D84A700A78AC2 /* IncomeScreenViewModel.swift */; };
		9D1A99B62A8D886000A78AC2 /* IncomeCategoryModel.swift in Sources */ = {isa = PBXBuildFile; fileRef = 9D1A99B52A8D886000A78AC2 /* IncomeCategoryModel.swift */; };
		9D1A99BD2A8D891800A78AC2 /* IncomeViewController.swift in Sources */ = {isa = PBXBuildFile; fileRef = 9D1A99BC2A8D891800A78AC2 /* IncomeViewController.swift */; };
		9D1A99BF2A8E643100A78AC2 /* CategoryIncomeDesignElements.swift in Sources */ = {isa = PBXBuildFile; fileRef = 9D1A99BE2A8E643100A78AC2 /* CategoryIncomeDesignElements.swift */; };
		9D1A99C22A8E777000A78AC2 /* IncomeCell.swift in Sources */ = {isa = PBXBuildFile; fileRef = 9D1A99C12A8E777000A78AC2 /* IncomeCell.swift */; };
		9D1A99C62A8E79B800A78AC2 /* IncomeModelView.swift in Sources */ = {isa = PBXBuildFile; fileRef = 9D1A99C52A8E79B800A78AC2 /* IncomeModelView.swift */; };
		9D1A99CB2A8E81F800A78AC2 /* AddIncomeViewController.swift in Sources */ = {isa = PBXBuildFile; fileRef = 9D1A99CA2A8E81F800A78AC2 /* AddIncomeViewController.swift */; };
		9D1A99CD2A8E84A700A78AC2 /* AddIncomeViewModel.swift in Sources */ = {isa = PBXBuildFile; fileRef = 9D1A99CC2A8E84A700A78AC2 /* AddIncomeViewModel.swift */; };
		9D1A99D02A8E869400A78AC2 /* SaveSumObjectIncomes.swift in Sources */ = {isa = PBXBuildFile; fileRef = 9D1A99CF2A8E869400A78AC2 /* SaveSumObjectIncomes.swift */; };
		9D1A99D22A8E87E600A78AC2 /* SetupCollectionView.swift in Sources */ = {isa = PBXBuildFile; fileRef = 9D1A99D12A8E87E600A78AC2 /* SetupCollectionView.swift */; };
		9D1A99D52A8EB68200A78AC2 /* TabBarController.swift in Sources */ = {isa = PBXBuildFile; fileRef = 9D1A99D42A8EB68200A78AC2 /* TabBarController.swift */; };
		9D1A99D72A8F6C4E00A78AC2 /* AddGoalViewModel.swift in Sources */ = {isa = PBXBuildFile; fileRef = 9D1A99D62A8F6C4E00A78AC2 /* AddGoalViewModel.swift */; };
		9D1A99D92A8F766E00A78AC2 /* FinanceStatisticsViewModel.swift in Sources */ = {isa = PBXBuildFile; fileRef = 9D1A99D82A8F766E00A78AC2 /* FinanceStatisticsViewModel.swift */; };
		9D1A99DB2A8F7D4C00A78AC2 /* SettingsCell.swift in Sources */ = {isa = PBXBuildFile; fileRef = 9D1A99DA2A8F7D4C00A78AC2 /* SettingsCell.swift */; };
		9D1A99DE2A8F897B00A78AC2 /* Theme.swift in Sources */ = {isa = PBXBuildFile; fileRef = 9D1A99DD2A8F897B00A78AC2 /* Theme.swift */; };
		9D2A22B82A71076900CD86F4 /* AddCostViewModel.swift in Sources */ = {isa = PBXBuildFile; fileRef = 9D2A22B72A71076900CD86F4 /* AddCostViewModel.swift */; };
		9D2A23122A7451D300CD86F4 /* CostScreen.swift in Sources */ = {isa = PBXBuildFile; fileRef = 9D2A23112A7451D300CD86F4 /* CostScreen.swift */; };
		9D2A231A2A7542B100CD86F4 /* ExtensionForGestures.swift in Sources */ = {isa = PBXBuildFile; fileRef = 9D2A23192A7542B100CD86F4 /* ExtensionForGestures.swift */; };
		9D398ACA2A9A5D8D00938F81 /* MenuStatisticsView.swift in Sources */ = {isa = PBXBuildFile; fileRef = 9D398AC92A9A5D8D00938F81 /* MenuStatisticsView.swift */; };
		9D4BDE3A2A782937007149EA /* CostScreenViewModel.swift in Sources */ = {isa = PBXBuildFile; fileRef = 9D4BDE392A782937007149EA /* CostScreenViewModel.swift */; };
		9D4C77F62A797DEC00B79C01 /* CostCategoryModel.swift in Sources */ = {isa = PBXBuildFile; fileRef = 9D4C77F52A797DEC00B79C01 /* CostCategoryModel.swift */; };
		9D4C77F82A799DEF00B79C01 /* GetListOfCostsByCategoriesService.swift in Sources */ = {isa = PBXBuildFile; fileRef = 9D4C77F72A799DEF00B79C01 /* GetListOfCostsByCategoriesService.swift */; };
		9D4C77FA2A79ABC200B79C01 /* ListSortedCostsViewModel.swift in Sources */ = {isa = PBXBuildFile; fileRef = 9D4C77F92A79ABC200B79C01 /* ListSortedCostsViewModel.swift */; };
		9D4C77FC2A79ADB900B79C01 /* ListSortedCostsViewController.swift in Sources */ = {isa = PBXBuildFile; fileRef = 9D4C77FB2A79ADB900B79C01 /* ListSortedCostsViewController.swift */; };
		9D4C77FE2A7A3F5000B79C01 /* SumCostObjects.swift in Sources */ = {isa = PBXBuildFile; fileRef = 9D4C77FD2A7A3F5000B79C01 /* SumCostObjects.swift */; };
		9D4C78002A7A409A00B79C01 /* KeyValueDateModel.swift in Sources */ = {isa = PBXBuildFile; fileRef = 9D4C77FF2A7A409A00B79C01 /* KeyValueDateModel.swift */; };
		9D4C78022A7A4C2C00B79C01 /* SumCostModelsService.swift in Sources */ = {isa = PBXBuildFile; fileRef = 9D4C78012A7A4C2C00B79C01 /* SumCostModelsService.swift */; };
		9D4C78042A7A8B5900B79C01 /* GetCostStatistics.swift in Sources */ = {isa = PBXBuildFile; fileRef = 9D4C78032A7A8B5900B79C01 /* GetCostStatistics.swift */; };
		9D4C78062A7AE4F200B79C01 /* CategoryCostsDesignElements.swift in Sources */ = {isa = PBXBuildFile; fileRef = 9D4C78052A7AE4F200B79C01 /* CategoryCostsDesignElements.swift */; };
		9D4C78082A7AE83500B79C01 /* CellForCostScreen.swift in Sources */ = {isa = PBXBuildFile; fileRef = 9D4C78072A7AE83500B79C01 /* CellForCostScreen.swift */; };
		9D4C781B2A7BD4D800B79C01 /* Buttons.swift in Sources */ = {isa = PBXBuildFile; fileRef = 9D4C781A2A7BD4D800B79C01 /* Buttons.swift */; };
		9D4C781D2A7CD8C500B79C01 /* MenuIcon.swift in Sources */ = {isa = PBXBuildFile; fileRef = 9D4C781C2A7CD8C500B79C01 /* MenuIcon.swift */; };
		9D4C78272A7CE25B00B79C01 /* MenuViewController.swift in Sources */ = {isa = PBXBuildFile; fileRef = 9D4C78262A7CE25B00B79C01 /* MenuViewController.swift */; };
		9D4C782B2A7CEC9D00B79C01 /* MenuTableViewCell.swift in Sources */ = {isa = PBXBuildFile; fileRef = 9D4C782A2A7CEC9D00B79C01 /* MenuTableViewCell.swift */; };
		9D4C782E2A7CF22B00B79C01 /* MenuModel.swift in Sources */ = {isa = PBXBuildFile; fileRef = 9D4C782D2A7CF22B00B79C01 /* MenuModel.swift */; };
		9D4C78402A7D2A6F00B79C01 /* IncomeScreen.swift in Sources */ = {isa = PBXBuildFile; fileRef = 9D4C783F2A7D2A6F00B79C01 /* IncomeScreen.swift */; };
		9D4C78422A7D2F8300B79C01 /* FinanceGoalsScreen.swift in Sources */ = {isa = PBXBuildFile; fileRef = 9D4C78412A7D2F8300B79C01 /* FinanceGoalsScreen.swift */; };
		9D4C78442A7D332E00B79C01 /* FinanceStatisticsScreen.swift in Sources */ = {isa = PBXBuildFile; fileRef = 9D4C78432A7D332E00B79C01 /* FinanceStatisticsScreen.swift */; };
		9D4C78462A7D343F00B79C01 /* SettingsScreen.swift in Sources */ = {isa = PBXBuildFile; fileRef = 9D4C78452A7D343F00B79C01 /* SettingsScreen.swift */; };
		9D4C784A2A7F90B000B79C01 /* GoalCell.swift in Sources */ = {isa = PBXBuildFile; fileRef = 9D4C78492A7F90B000B79C01 /* GoalCell.swift */; };
		9D4C784C2A7FB29B00B79C01 /* GoalViewModel.swift in Sources */ = {isa = PBXBuildFile; fileRef = 9D4C784B2A7FB29B00B79C01 /* GoalViewModel.swift */; };
		9D4C784E2A7FB30A00B79C01 /* GoalObject.swift in Sources */ = {isa = PBXBuildFile; fileRef = 9D4C784D2A7FB30A00B79C01 /* GoalObject.swift */; };
		9D4C78502A7FB5CB00B79C01 /* GoalsService.swift in Sources */ = {isa = PBXBuildFile; fileRef = 9D4C784F2A7FB5CB00B79C01 /* GoalsService.swift */; };
		9D4C78522A7FCC6A00B79C01 /* AddGoalViewController.swift in Sources */ = {isa = PBXBuildFile; fileRef = 9D4C78512A7FCC6A00B79C01 /* AddGoalViewController.swift */; };
		9D4C78582A7FD40600B79C01 /* CollectionViewForIconsCell.swift in Sources */ = {isa = PBXBuildFile; fileRef = 9D4C78572A7FD40600B79C01 /* CollectionViewForIconsCell.swift */; };
		9D4C785E2A8112ED00B79C01 /* AddViewController.swift in Sources */ = {isa = PBXBuildFile; fileRef = 9D4C785D2A8112ED00B79C01 /* AddViewController.swift */; };
		9D4C78602A81134900B79C01 /* CategoryCell.swift in Sources */ = {isa = PBXBuildFile; fileRef = 9D4C785F2A81134900B79C01 /* CategoryCell.swift */; };
		9D4C78622A8116A700B79C01 /* AddCostGoalCell.swift in Sources */ = {isa = PBXBuildFile; fileRef = 9D4C78612A8116A700B79C01 /* AddCostGoalCell.swift */; };
		9D4C78642A82240000B79C01 /* DateCell.swift in Sources */ = {isa = PBXBuildFile; fileRef = 9D4C78632A82240000B79C01 /* DateCell.swift */; };
		9D4C78662A82896200B79C01 /* ExtensionSetupCollectionViews.swift in Sources */ = {isa = PBXBuildFile; fileRef = 9D4C78652A82896200B79C01 /* ExtensionSetupCollectionViews.swift */; };
		9D4C78692A838A0500B79C01 /* SaveSumObjectCosts.swift in Sources */ = {isa = PBXBuildFile; fileRef = 9D4C78682A838A0500B79C01 /* SaveSumObjectCosts.swift */; };
		9D4C786D2A8617C600B79C01 /* ButtonsSubCategories.swift in Sources */ = {isa = PBXBuildFile; fileRef = 9D4C786C2A8617C600B79C01 /* ButtonsSubCategories.swift */; };
		9D4C786F2A865FE800B79C01 /* CostScreenGoalCell.swift in Sources */ = {isa = PBXBuildFile; fileRef = 9D4C786E2A865FE800B79C01 /* CostScreenGoalCell.swift */; };
		9D4C78732A87792A00B79C01 /* CalendarController.swift in Sources */ = {isa = PBXBuildFile; fileRef = 9D4C78722A87792A00B79C01 /* CalendarController.swift */; };
		9D4C78752A877FB500B79C01 /* CalendarViewModel.swift in Sources */ = {isa = PBXBuildFile; fileRef = 9D4C78742A877FB500B79C01 /* CalendarViewModel.swift */; };
		9D7364972A6E8CCD00528949 /* AppDelegate.swift in Sources */ = {isa = PBXBuildFile; fileRef = 9D7364962A6E8CCD00528949 /* AppDelegate.swift */; };
		9D7364992A6E8CCD00528949 /* SceneDelegate.swift in Sources */ = {isa = PBXBuildFile; fileRef = 9D7364982A6E8CCD00528949 /* SceneDelegate.swift */; };
		9D73649E2A6E8CCD00528949 /* Main.storyboard in Resources */ = {isa = PBXBuildFile; fileRef = 9D73649C2A6E8CCD00528949 /* Main.storyboard */; };
		9D7364A02A6E8CCE00528949 /* Assets.xcassets in Resources */ = {isa = PBXBuildFile; fileRef = 9D73649F2A6E8CCE00528949 /* Assets.xcassets */; };
		9D7364A32A6E8CCE00528949 /* LaunchScreen.storyboard in Resources */ = {isa = PBXBuildFile; fileRef = 9D7364A12A6E8CCE00528949 /* LaunchScreen.storyboard */; };
		9D9B4FBB2A9CA710003F64DA /* SnapKit in Frameworks */ = {isa = PBXBuildFile; productRef = 9D9B4FBA2A9CA710003F64DA /* SnapKit */; };
		9D9B4FBD2A9CA7E3003F64DA /* Realm in Frameworks */ = {isa = PBXBuildFile; productRef = 9D9B4FBC2A9CA7E3003F64DA /* Realm */; };
		9D9B4FBF2A9CA7E7003F64DA /* RealmSwift in Frameworks */ = {isa = PBXBuildFile; productRef = 9D9B4FBE2A9CA7E7003F64DA /* RealmSwift */; };
		9D9B4FC72A9CA855003F64DA /* FinanceUITests.swift in Sources */ = {isa = PBXBuildFile; fileRef = 9D9B4FC62A9CA855003F64DA /* FinanceUITests.swift */; };
		9D9B4FC92A9CA855003F64DA /* FinanceUITestsLaunchTests.swift in Sources */ = {isa = PBXBuildFile; fileRef = 9D9B4FC82A9CA855003F64DA /* FinanceUITestsLaunchTests.swift */; };
		9D9B4FD12A9CB02E003F64DA /* FirebaseAnalytics in Frameworks */ = {isa = PBXBuildFile; productRef = 9D9B4FD02A9CB02E003F64DA /* FirebaseAnalytics */; };
		9D9B4FD32A9CB02E003F64DA /* FirebaseAnalyticsOnDeviceConversion in Frameworks */ = {isa = PBXBuildFile; productRef = 9D9B4FD22A9CB02E003F64DA /* FirebaseAnalyticsOnDeviceConversion */; };
		9D9B4FD52A9CB02E003F64DA /* FirebaseAnalyticsSwift in Frameworks */ = {isa = PBXBuildFile; productRef = 9D9B4FD42A9CB02E003F64DA /* FirebaseAnalyticsSwift */; };
		9D9B4FD72A9CB02E003F64DA /* FirebaseAnalyticsWithoutAdIdSupport in Frameworks */ = {isa = PBXBuildFile; productRef = 9D9B4FD62A9CB02E003F64DA /* FirebaseAnalyticsWithoutAdIdSupport */; };
		9D9B4FD92A9CB02E003F64DA /* FirebaseAppCheck in Frameworks */ = {isa = PBXBuildFile; productRef = 9D9B4FD82A9CB02E003F64DA /* FirebaseAppCheck */; };
		9D9B4FDB2A9CB02E003F64DA /* FirebaseAppDistribution-Beta in Frameworks */ = {isa = PBXBuildFile; productRef = 9D9B4FDA2A9CB02E003F64DA /* FirebaseAppDistribution-Beta */; };
		9D9B4FDD2A9CB02E003F64DA /* FirebaseAuth in Frameworks */ = {isa = PBXBuildFile; productRef = 9D9B4FDC2A9CB02E003F64DA /* FirebaseAuth */; };
		9D9B4FDF2A9CB02E003F64DA /* FirebaseAuthCombine-Community in Frameworks */ = {isa = PBXBuildFile; productRef = 9D9B4FDE2A9CB02E003F64DA /* FirebaseAuthCombine-Community */; };
		9D9B4FE12A9CB02E003F64DA /* FirebaseCrashlytics in Frameworks */ = {isa = PBXBuildFile; productRef = 9D9B4FE02A9CB02E003F64DA /* FirebaseCrashlytics */; };
		9D9B4FE32A9CB02E003F64DA /* FirebaseDatabase in Frameworks */ = {isa = PBXBuildFile; productRef = 9D9B4FE22A9CB02E003F64DA /* FirebaseDatabase */; };
		9D9B4FE52A9CB02E003F64DA /* FirebaseDatabaseSwift in Frameworks */ = {isa = PBXBuildFile; productRef = 9D9B4FE42A9CB02E003F64DA /* FirebaseDatabaseSwift */; };
		9D9B4FE72A9CB02E003F64DA /* FirebaseDynamicLinks in Frameworks */ = {isa = PBXBuildFile; productRef = 9D9B4FE62A9CB02E003F64DA /* FirebaseDynamicLinks */; };
		9D9B4FE92A9CB02E003F64DA /* FirebaseFirestore in Frameworks */ = {isa = PBXBuildFile; productRef = 9D9B4FE82A9CB02E003F64DA /* FirebaseFirestore */; };
		9D9B4FEB2A9CB02E003F64DA /* FirebaseFirestoreCombine-Community in Frameworks */ = {isa = PBXBuildFile; productRef = 9D9B4FEA2A9CB02E003F64DA /* FirebaseFirestoreCombine-Community */; };
		9D9B4FED2A9CB02F003F64DA /* FirebaseFirestoreSwift in Frameworks */ = {isa = PBXBuildFile; productRef = 9D9B4FEC2A9CB02F003F64DA /* FirebaseFirestoreSwift */; };
		9D9B4FEF2A9CB02F003F64DA /* FirebaseFunctions in Frameworks */ = {isa = PBXBuildFile; productRef = 9D9B4FEE2A9CB02F003F64DA /* FirebaseFunctions */; };
		9D9B4FF12A9CB02F003F64DA /* FirebaseFunctionsCombine-Community in Frameworks */ = {isa = PBXBuildFile; productRef = 9D9B4FF02A9CB02F003F64DA /* FirebaseFunctionsCombine-Community */; };
		9D9B4FF32A9CB02F003F64DA /* FirebaseInAppMessaging-Beta in Frameworks */ = {isa = PBXBuildFile; productRef = 9D9B4FF22A9CB02F003F64DA /* FirebaseInAppMessaging-Beta */; };
		9D9B4FF52A9CB02F003F64DA /* FirebaseInAppMessagingSwift-Beta in Frameworks */ = {isa = PBXBuildFile; productRef = 9D9B4FF42A9CB02F003F64DA /* FirebaseInAppMessagingSwift-Beta */; };
		9D9B4FF72A9CB02F003F64DA /* FirebaseInstallations in Frameworks */ = {isa = PBXBuildFile; productRef = 9D9B4FF62A9CB02F003F64DA /* FirebaseInstallations */; };
		9D9B4FF92A9CB02F003F64DA /* FirebaseMLModelDownloader in Frameworks */ = {isa = PBXBuildFile; productRef = 9D9B4FF82A9CB02F003F64DA /* FirebaseMLModelDownloader */; };
		9D9B4FFB2A9CB02F003F64DA /* FirebaseMessaging in Frameworks */ = {isa = PBXBuildFile; productRef = 9D9B4FFA2A9CB02F003F64DA /* FirebaseMessaging */; };
		9D9B4FFD2A9CB02F003F64DA /* FirebasePerformance in Frameworks */ = {isa = PBXBuildFile; productRef = 9D9B4FFC2A9CB02F003F64DA /* FirebasePerformance */; };
		9D9B4FFF2A9CB02F003F64DA /* FirebaseRemoteConfig in Frameworks */ = {isa = PBXBuildFile; productRef = 9D9B4FFE2A9CB02F003F64DA /* FirebaseRemoteConfig */; };
		9D9B50012A9CB02F003F64DA /* FirebaseRemoteConfigSwift in Frameworks */ = {isa = PBXBuildFile; productRef = 9D9B50002A9CB02F003F64DA /* FirebaseRemoteConfigSwift */; };
		9D9B50032A9CB02F003F64DA /* FirebaseStorage in Frameworks */ = {isa = PBXBuildFile; productRef = 9D9B50022A9CB02F003F64DA /* FirebaseStorage */; };
		9D9B50052A9CB02F003F64DA /* FirebaseStorageCombine-Community in Frameworks */ = {isa = PBXBuildFile; productRef = 9D9B50042A9CB02F003F64DA /* FirebaseStorageCombine-Community */; };
		9D9B500A2A9CC500003F64DA /* GoogleService-Info.plist in Resources */ = {isa = PBXBuildFile; fileRef = 9D9B50092A9CC500003F64DA /* GoogleService-Info.plist */; };
		9D9B500F2A9CC712003F64DA /* LoginViewController.swift in Sources */ = {isa = PBXBuildFile; fileRef = 9D9B500E2A9CC712003F64DA /* LoginViewController.swift */; };
		9D9B50112A9CDC92003F64DA /* LoginViewModel.swift in Sources */ = {isa = PBXBuildFile; fileRef = 9D9B50102A9CDC92003F64DA /* LoginViewModel.swift */; };
		9D9B50142A9CDF00003F64DA /* FirebaseLogin.swift in Sources */ = {isa = PBXBuildFile; fileRef = 9D9B50132A9CDF00003F64DA /* FirebaseLogin.swift */; };
		9D9B50162A9CE2DF003F64DA /* RegDataValidation.swift in Sources */ = {isa = PBXBuildFile; fileRef = 9D9B50152A9CE2DF003F64DA /* RegDataValidation.swift */; };
		9D9B50182A9CF36C003F64DA /* FirebaseAddCost.swift in Sources */ = {isa = PBXBuildFile; fileRef = 9D9B50172A9CF36C003F64DA /* FirebaseAddCost.swift */; };
		9D9B501A2A9CFE26003F64DA /* FirebaseAddIncome.swift in Sources */ = {isa = PBXBuildFile; fileRef = 9D9B50192A9CFE26003F64DA /* FirebaseAddIncome.swift */; };
		9D9B501C2A9D0241003F64DA /* FirebaseGetIncomes.swift in Sources */ = {isa = PBXBuildFile; fileRef = 9D9B501B2A9D0241003F64DA /* FirebaseGetIncomes.swift */; };
		9D9B501E2A9D228D003F64DA /* SettingsViewModel.swift in Sources */ = {isa = PBXBuildFile; fileRef = 9D9B501D2A9D228D003F64DA /* SettingsViewModel.swift */; };
		9D9B50212A9D2382003F64DA /* FirebaseSettings.swift in Sources */ = {isa = PBXBuildFile; fileRef = 9D9B50202A9D2382003F64DA /* FirebaseSettings.swift */; };
		9D9B50242A9D4EB1003F64DA /* DGCharts in Frameworks */ = {isa = PBXBuildFile; productRef = 9D9B50232A9D4EB1003F64DA /* DGCharts */; };
		9D9B50262A9E6A31003F64DA /* ListSortedIncomesViewController.swift in Sources */ = {isa = PBXBuildFile; fileRef = 9D9B50252A9E6A31003F64DA /* ListSortedIncomesViewController.swift */; };
		9D9B50282A9E6A4A003F64DA /* ListSortedIncomesViewModel.swift in Sources */ = {isa = PBXBuildFile; fileRef = 9D9B50272A9E6A4A003F64DA /* ListSortedIncomesViewModel.swift */; };
		9D9B502A2A9E6B38003F64DA /* GetListOfIncomesByCategoriesService.swift in Sources */ = {isa = PBXBuildFile; fileRef = 9D9B50292A9E6B38003F64DA /* GetListOfIncomesByCategoriesService.swift */; };
		9D9B502C2A9E77C9003F64DA /* ThemeViewController.swift in Sources */ = {isa = PBXBuildFile; fileRef = 9D9B502B2A9E77C9003F64DA /* ThemeViewController.swift */; };
		9D9B502E2A9E77D5003F64DA /* ThemeViewModel.swift in Sources */ = {isa = PBXBuildFile; fileRef = 9D9B502D2A9E77D5003F64DA /* ThemeViewModel.swift */; };
		9D9B50302A9E787A003F64DA /* ThemeCell.swift in Sources */ = {isa = PBXBuildFile; fileRef = 9D9B502F2A9E787A003F64DA /* ThemeCell.swift */; };
		9DA0D65E2A6E8F1200DFD80F /* CostViewController.swift in Sources */ = {isa = PBXBuildFile; fileRef = 9DA0D65D2A6E8F1200DFD80F /* CostViewController.swift */; };
		9DA0D6602A6E8F2E00DFD80F /* CostCell.swift in Sources */ = {isa = PBXBuildFile; fileRef = 9DA0D65F2A6E8F2E00DFD80F /* CostCell.swift */; };
		9DA0D6632A6E8F5300DFD80F /* CostRealm.swift in Sources */ = {isa = PBXBuildFile; fileRef = 9DA0D6622A6E8F5300DFD80F /* CostRealm.swift */; };
		9DA0D6652A6E8F7300DFD80F /* CostService.swift in Sources */ = {isa = PBXBuildFile; fileRef = 9DA0D6642A6E8F7300DFD80F /* CostService.swift */; };
		9DA0D6692A6E8FA500DFD80F /* CostModelView.swift in Sources */ = {isa = PBXBuildFile; fileRef = 9DA0D6682A6E8FA500DFD80F /* CostModelView.swift */; };
		9DA0D66B2A6E8FC300DFD80F /* DateInfo.swift in Sources */ = {isa = PBXBuildFile; fileRef = 9DA0D66A2A6E8FC300DFD80F /* DateInfo.swift */; };
		9DA0D66D2A6E8FD700DFD80F /* Categories.swift in Sources */ = {isa = PBXBuildFile; fileRef = 9DA0D66C2A6E8FD700DFD80F /* Categories.swift */; };
		9DA0D6712A6ED08300DFD80F /* DateStorage.swift in Sources */ = {isa = PBXBuildFile; fileRef = 9DA0D6702A6ED08300DFD80F /* DateStorage.swift */; };
		9DA0D6732A6ED0E900DFD80F /* DateModel.swift in Sources */ = {isa = PBXBuildFile; fileRef = 9DA0D6722A6ED0E900DFD80F /* DateModel.swift */; };
		9DA0D67E2A6FD47200DFD80F /* Button.swift in Sources */ = {isa = PBXBuildFile; fileRef = 9DA0D67D2A6FD47200DFD80F /* Button.swift */; };
		9DA0D6802A6FE0CD00DFD80F /* ButtonsStackView.swift in Sources */ = {isa = PBXBuildFile; fileRef = 9DA0D67F2A6FE0CD00DFD80F /* ButtonsStackView.swift */; };
		9DC587652AB22C2500CAACC2 /* СustomPieChart.swift in Sources */ = {isa = PBXBuildFile; fileRef = 9DC587642AB22C2500CAACC2 /* СustomPieChart.swift */; };
		9DC587682AB301D300CAACC2 /* CostScreenModel.swift in Sources */ = {isa = PBXBuildFile; fileRef = 9DC587672AB301D300CAACC2 /* CostScreenModel.swift */; };
		9DC5876A2AB304AC00CAACC2 /* InfoButton.swift in Sources */ = {isa = PBXBuildFile; fileRef = 9DC587692AB304AC00CAACC2 /* InfoButton.swift */; };
		9DC5876D2AB30E5A00CAACC2 /* CostScreenProtocol.swift in Sources */ = {isa = PBXBuildFile; fileRef = 9DC5876C2AB30E5A00CAACC2 /* CostScreenProtocol.swift */; };
		CEC35E980CEBB7D6F303C8D3 /* Pods_Finance.framework in Frameworks */ = {isa = PBXBuildFile; fileRef = 5F90BBF5C34D9CE4AA548311 /* Pods_Finance.framework */; };
/* End PBXBuildFile section */

/* Begin PBXContainerItemProxy section */
		9D9B4FCA2A9CA855003F64DA /* PBXContainerItemProxy */ = {
			isa = PBXContainerItemProxy;
			containerPortal = 9D73648B2A6E8CCD00528949 /* Project object */;
			proxyType = 1;
			remoteGlobalIDString = 9D7364922A6E8CCD00528949;
			remoteInfo = Finance;
		};
/* End PBXContainerItemProxy section */

/* Begin PBXFileReference section */
		5F90BBF5C34D9CE4AA548311 /* Pods_Finance.framework */ = {isa = PBXFileReference; explicitFileType = wrapper.framework; includeInIndex = 0; path = Pods_Finance.framework; sourceTree = BUILT_PRODUCTS_DIR; };
		9100CF1E62AB52898C622ED7 /* Pods-Finance.debug.xcconfig */ = {isa = PBXFileReference; includeInIndex = 1; lastKnownFileType = text.xcconfig; name = "Pods-Finance.debug.xcconfig"; path = "Target Support Files/Pods-Finance/Pods-Finance.debug.xcconfig"; sourceTree = "<group>"; };
		9D1A99A52A8D7C5F00A78AC2 /* IncomeRealm.swift */ = {isa = PBXFileReference; lastKnownFileType = sourcecode.swift; path = IncomeRealm.swift; sourceTree = "<group>"; };
		9D1A99A72A8D7D5E00A78AC2 /* SumIncomeObjects.swift */ = {isa = PBXFileReference; lastKnownFileType = sourcecode.swift; path = SumIncomeObjects.swift; sourceTree = "<group>"; };
		9D1A99A92A8D7FCC00A78AC2 /* IncomeService.swift */ = {isa = PBXFileReference; lastKnownFileType = sourcecode.swift; path = IncomeService.swift; sourceTree = "<group>"; };
		9D1A99AB2A8D81D200A78AC2 /* GetIncomeStatistics.swift */ = {isa = PBXFileReference; lastKnownFileType = sourcecode.swift; path = GetIncomeStatistics.swift; sourceTree = "<group>"; };
		9D1A99AD2A8D82DB00A78AC2 /* SumIncomeModelsService.swift */ = {isa = PBXFileReference; lastKnownFileType = sourcecode.swift; path = SumIncomeModelsService.swift; sourceTree = "<group>"; };
		9D1A99AF2A8D842000A78AC2 /* CellForIncomeScreen.swift */ = {isa = PBXFileReference; lastKnownFileType = sourcecode.swift; path = CellForIncomeScreen.swift; sourceTree = "<group>"; };
		9D1A99B32A8D84A700A78AC2 /* IncomeScreenViewModel.swift */ = {isa = PBXFileReference; lastKnownFileType = sourcecode.swift; path = IncomeScreenViewModel.swift; sourceTree = "<group>"; };
		9D1A99B52A8D886000A78AC2 /* IncomeCategoryModel.swift */ = {isa = PBXFileReference; lastKnownFileType = sourcecode.swift; path = IncomeCategoryModel.swift; sourceTree = "<group>"; };
		9D1A99BC2A8D891800A78AC2 /* IncomeViewController.swift */ = {isa = PBXFileReference; lastKnownFileType = sourcecode.swift; path = IncomeViewController.swift; sourceTree = "<group>"; };
		9D1A99BE2A8E643100A78AC2 /* CategoryIncomeDesignElements.swift */ = {isa = PBXFileReference; lastKnownFileType = sourcecode.swift; path = CategoryIncomeDesignElements.swift; sourceTree = "<group>"; };
		9D1A99C12A8E777000A78AC2 /* IncomeCell.swift */ = {isa = PBXFileReference; lastKnownFileType = sourcecode.swift; path = IncomeCell.swift; sourceTree = "<group>"; };
		9D1A99C52A8E79B800A78AC2 /* IncomeModelView.swift */ = {isa = PBXFileReference; lastKnownFileType = sourcecode.swift; path = IncomeModelView.swift; sourceTree = "<group>"; };
		9D1A99CA2A8E81F800A78AC2 /* AddIncomeViewController.swift */ = {isa = PBXFileReference; lastKnownFileType = sourcecode.swift; path = AddIncomeViewController.swift; sourceTree = "<group>"; };
		9D1A99CC2A8E84A700A78AC2 /* AddIncomeViewModel.swift */ = {isa = PBXFileReference; lastKnownFileType = sourcecode.swift; path = AddIncomeViewModel.swift; sourceTree = "<group>"; };
		9D1A99CF2A8E869400A78AC2 /* SaveSumObjectIncomes.swift */ = {isa = PBXFileReference; lastKnownFileType = sourcecode.swift; path = SaveSumObjectIncomes.swift; sourceTree = "<group>"; };
		9D1A99D12A8E87E600A78AC2 /* SetupCollectionView.swift */ = {isa = PBXFileReference; lastKnownFileType = sourcecode.swift; path = SetupCollectionView.swift; sourceTree = "<group>"; };
		9D1A99D42A8EB68200A78AC2 /* TabBarController.swift */ = {isa = PBXFileReference; lastKnownFileType = sourcecode.swift; path = TabBarController.swift; sourceTree = "<group>"; };
		9D1A99D62A8F6C4E00A78AC2 /* AddGoalViewModel.swift */ = {isa = PBXFileReference; lastKnownFileType = sourcecode.swift; path = AddGoalViewModel.swift; sourceTree = "<group>"; };
		9D1A99D82A8F766E00A78AC2 /* FinanceStatisticsViewModel.swift */ = {isa = PBXFileReference; lastKnownFileType = sourcecode.swift; path = FinanceStatisticsViewModel.swift; sourceTree = "<group>"; };
		9D1A99DA2A8F7D4C00A78AC2 /* SettingsCell.swift */ = {isa = PBXFileReference; lastKnownFileType = sourcecode.swift; path = SettingsCell.swift; sourceTree = "<group>"; };
		9D1A99DD2A8F897B00A78AC2 /* Theme.swift */ = {isa = PBXFileReference; lastKnownFileType = sourcecode.swift; path = Theme.swift; sourceTree = "<group>"; };
		9D2A22B72A71076900CD86F4 /* AddCostViewModel.swift */ = {isa = PBXFileReference; lastKnownFileType = sourcecode.swift; path = AddCostViewModel.swift; sourceTree = "<group>"; };
		9D2A23112A7451D300CD86F4 /* CostScreen.swift */ = {isa = PBXFileReference; lastKnownFileType = sourcecode.swift; path = CostScreen.swift; sourceTree = "<group>"; };
		9D2A23192A7542B100CD86F4 /* ExtensionForGestures.swift */ = {isa = PBXFileReference; lastKnownFileType = sourcecode.swift; path = ExtensionForGestures.swift; sourceTree = "<group>"; };
		9D398AC92A9A5D8D00938F81 /* MenuStatisticsView.swift */ = {isa = PBXFileReference; lastKnownFileType = sourcecode.swift; path = MenuStatisticsView.swift; sourceTree = "<group>"; };
		9D4BDE392A782937007149EA /* CostScreenViewModel.swift */ = {isa = PBXFileReference; lastKnownFileType = sourcecode.swift; path = CostScreenViewModel.swift; sourceTree = "<group>"; };
		9D4C77F52A797DEC00B79C01 /* CostCategoryModel.swift */ = {isa = PBXFileReference; lastKnownFileType = sourcecode.swift; path = CostCategoryModel.swift; sourceTree = "<group>"; };
		9D4C77F72A799DEF00B79C01 /* GetListOfCostsByCategoriesService.swift */ = {isa = PBXFileReference; lastKnownFileType = sourcecode.swift; path = GetListOfCostsByCategoriesService.swift; sourceTree = "<group>"; };
		9D4C77F92A79ABC200B79C01 /* ListSortedCostsViewModel.swift */ = {isa = PBXFileReference; lastKnownFileType = sourcecode.swift; path = ListSortedCostsViewModel.swift; sourceTree = "<group>"; };
		9D4C77FB2A79ADB900B79C01 /* ListSortedCostsViewController.swift */ = {isa = PBXFileReference; lastKnownFileType = sourcecode.swift; path = ListSortedCostsViewController.swift; sourceTree = "<group>"; };
		9D4C77FD2A7A3F5000B79C01 /* SumCostObjects.swift */ = {isa = PBXFileReference; lastKnownFileType = sourcecode.swift; path = SumCostObjects.swift; sourceTree = "<group>"; };
		9D4C77FF2A7A409A00B79C01 /* KeyValueDateModel.swift */ = {isa = PBXFileReference; lastKnownFileType = sourcecode.swift; path = KeyValueDateModel.swift; sourceTree = "<group>"; };
		9D4C78012A7A4C2C00B79C01 /* SumCostModelsService.swift */ = {isa = PBXFileReference; lastKnownFileType = sourcecode.swift; path = SumCostModelsService.swift; sourceTree = "<group>"; };
		9D4C78032A7A8B5900B79C01 /* GetCostStatistics.swift */ = {isa = PBXFileReference; lastKnownFileType = sourcecode.swift; path = GetCostStatistics.swift; sourceTree = "<group>"; };
		9D4C78052A7AE4F200B79C01 /* CategoryCostsDesignElements.swift */ = {isa = PBXFileReference; lastKnownFileType = sourcecode.swift; path = CategoryCostsDesignElements.swift; sourceTree = "<group>"; };
		9D4C78072A7AE83500B79C01 /* CellForCostScreen.swift */ = {isa = PBXFileReference; lastKnownFileType = sourcecode.swift; path = CellForCostScreen.swift; sourceTree = "<group>"; };
		9D4C781A2A7BD4D800B79C01 /* Buttons.swift */ = {isa = PBXFileReference; lastKnownFileType = sourcecode.swift; path = Buttons.swift; sourceTree = "<group>"; };
		9D4C781C2A7CD8C500B79C01 /* MenuIcon.swift */ = {isa = PBXFileReference; lastKnownFileType = sourcecode.swift; path = MenuIcon.swift; sourceTree = "<group>"; };
		9D4C78262A7CE25B00B79C01 /* MenuViewController.swift */ = {isa = PBXFileReference; lastKnownFileType = sourcecode.swift; path = MenuViewController.swift; sourceTree = "<group>"; };
		9D4C782A2A7CEC9D00B79C01 /* MenuTableViewCell.swift */ = {isa = PBXFileReference; lastKnownFileType = sourcecode.swift; path = MenuTableViewCell.swift; sourceTree = "<group>"; };
		9D4C782D2A7CF22B00B79C01 /* MenuModel.swift */ = {isa = PBXFileReference; lastKnownFileType = sourcecode.swift; path = MenuModel.swift; sourceTree = "<group>"; };
		9D4C783F2A7D2A6F00B79C01 /* IncomeScreen.swift */ = {isa = PBXFileReference; lastKnownFileType = sourcecode.swift; path = IncomeScreen.swift; sourceTree = "<group>"; };
		9D4C78412A7D2F8300B79C01 /* FinanceGoalsScreen.swift */ = {isa = PBXFileReference; lastKnownFileType = sourcecode.swift; path = FinanceGoalsScreen.swift; sourceTree = "<group>"; };
		9D4C78432A7D332E00B79C01 /* FinanceStatisticsScreen.swift */ = {isa = PBXFileReference; lastKnownFileType = sourcecode.swift; path = FinanceStatisticsScreen.swift; sourceTree = "<group>"; };
		9D4C78452A7D343F00B79C01 /* SettingsScreen.swift */ = {isa = PBXFileReference; lastKnownFileType = sourcecode.swift; path = SettingsScreen.swift; sourceTree = "<group>"; };
		9D4C78492A7F90B000B79C01 /* GoalCell.swift */ = {isa = PBXFileReference; lastKnownFileType = sourcecode.swift; path = GoalCell.swift; sourceTree = "<group>"; };
		9D4C784B2A7FB29B00B79C01 /* GoalViewModel.swift */ = {isa = PBXFileReference; lastKnownFileType = sourcecode.swift; path = GoalViewModel.swift; sourceTree = "<group>"; };
		9D4C784D2A7FB30A00B79C01 /* GoalObject.swift */ = {isa = PBXFileReference; lastKnownFileType = sourcecode.swift; path = GoalObject.swift; sourceTree = "<group>"; };
		9D4C784F2A7FB5CB00B79C01 /* GoalsService.swift */ = {isa = PBXFileReference; lastKnownFileType = sourcecode.swift; path = GoalsService.swift; sourceTree = "<group>"; };
		9D4C78512A7FCC6A00B79C01 /* AddGoalViewController.swift */ = {isa = PBXFileReference; lastKnownFileType = sourcecode.swift; path = AddGoalViewController.swift; sourceTree = "<group>"; };
		9D4C78572A7FD40600B79C01 /* CollectionViewForIconsCell.swift */ = {isa = PBXFileReference; lastKnownFileType = sourcecode.swift; path = CollectionViewForIconsCell.swift; sourceTree = "<group>"; };
		9D4C785D2A8112ED00B79C01 /* AddViewController.swift */ = {isa = PBXFileReference; lastKnownFileType = sourcecode.swift; path = AddViewController.swift; sourceTree = "<group>"; };
		9D4C785F2A81134900B79C01 /* CategoryCell.swift */ = {isa = PBXFileReference; lastKnownFileType = sourcecode.swift; path = CategoryCell.swift; sourceTree = "<group>"; };
		9D4C78612A8116A700B79C01 /* AddCostGoalCell.swift */ = {isa = PBXFileReference; lastKnownFileType = sourcecode.swift; path = AddCostGoalCell.swift; sourceTree = "<group>"; };
		9D4C78632A82240000B79C01 /* DateCell.swift */ = {isa = PBXFileReference; lastKnownFileType = sourcecode.swift; path = DateCell.swift; sourceTree = "<group>"; };
		9D4C78652A82896200B79C01 /* ExtensionSetupCollectionViews.swift */ = {isa = PBXFileReference; lastKnownFileType = sourcecode.swift; path = ExtensionSetupCollectionViews.swift; sourceTree = "<group>"; };
		9D4C78682A838A0500B79C01 /* SaveSumObjectCosts.swift */ = {isa = PBXFileReference; lastKnownFileType = sourcecode.swift; path = SaveSumObjectCosts.swift; sourceTree = "<group>"; };
		9D4C786C2A8617C600B79C01 /* ButtonsSubCategories.swift */ = {isa = PBXFileReference; lastKnownFileType = sourcecode.swift; path = ButtonsSubCategories.swift; sourceTree = "<group>"; };
		9D4C786E2A865FE800B79C01 /* CostScreenGoalCell.swift */ = {isa = PBXFileReference; lastKnownFileType = sourcecode.swift; path = CostScreenGoalCell.swift; sourceTree = "<group>"; };
		9D4C78722A87792A00B79C01 /* CalendarController.swift */ = {isa = PBXFileReference; lastKnownFileType = sourcecode.swift; path = CalendarController.swift; sourceTree = "<group>"; };
		9D4C78742A877FB500B79C01 /* CalendarViewModel.swift */ = {isa = PBXFileReference; lastKnownFileType = sourcecode.swift; path = CalendarViewModel.swift; sourceTree = "<group>"; };
		9D7364932A6E8CCD00528949 /* Finance.app */ = {isa = PBXFileReference; explicitFileType = wrapper.application; includeInIndex = 0; path = Finance.app; sourceTree = BUILT_PRODUCTS_DIR; };
		9D7364962A6E8CCD00528949 /* AppDelegate.swift */ = {isa = PBXFileReference; lastKnownFileType = sourcecode.swift; path = AppDelegate.swift; sourceTree = "<group>"; };
		9D7364982A6E8CCD00528949 /* SceneDelegate.swift */ = {isa = PBXFileReference; lastKnownFileType = sourcecode.swift; path = SceneDelegate.swift; sourceTree = "<group>"; };
		9D73649D2A6E8CCD00528949 /* Base */ = {isa = PBXFileReference; lastKnownFileType = file.storyboard; name = Base; path = Base.lproj/Main.storyboard; sourceTree = "<group>"; };
		9D73649F2A6E8CCE00528949 /* Assets.xcassets */ = {isa = PBXFileReference; lastKnownFileType = folder.assetcatalog; path = Assets.xcassets; sourceTree = "<group>"; };
		9D7364A22A6E8CCE00528949 /* Base */ = {isa = PBXFileReference; lastKnownFileType = file.storyboard; name = Base; path = Base.lproj/LaunchScreen.storyboard; sourceTree = "<group>"; };
		9D7364A42A6E8CCE00528949 /* Info.plist */ = {isa = PBXFileReference; lastKnownFileType = text.plist.xml; path = Info.plist; sourceTree = "<group>"; };
		9D9B4FC42A9CA855003F64DA /* FinanceUITests.xctest */ = {isa = PBXFileReference; explicitFileType = wrapper.cfbundle; includeInIndex = 0; path = FinanceUITests.xctest; sourceTree = BUILT_PRODUCTS_DIR; };
		9D9B4FC62A9CA855003F64DA /* FinanceUITests.swift */ = {isa = PBXFileReference; lastKnownFileType = sourcecode.swift; path = FinanceUITests.swift; sourceTree = "<group>"; };
		9D9B4FC82A9CA855003F64DA /* FinanceUITestsLaunchTests.swift */ = {isa = PBXFileReference; lastKnownFileType = sourcecode.swift; path = FinanceUITestsLaunchTests.swift; sourceTree = "<group>"; };
		9D9B50092A9CC500003F64DA /* GoogleService-Info.plist */ = {isa = PBXFileReference; fileEncoding = 4; lastKnownFileType = text.plist.xml; name = "GoogleService-Info.plist"; path = "../../../Downloads/GoogleService-Info.plist"; sourceTree = "<group>"; };
		9D9B500E2A9CC712003F64DA /* LoginViewController.swift */ = {isa = PBXFileReference; lastKnownFileType = sourcecode.swift; path = LoginViewController.swift; sourceTree = "<group>"; };
		9D9B50102A9CDC92003F64DA /* LoginViewModel.swift */ = {isa = PBXFileReference; lastKnownFileType = sourcecode.swift; path = LoginViewModel.swift; sourceTree = "<group>"; };
		9D9B50132A9CDF00003F64DA /* FirebaseLogin.swift */ = {isa = PBXFileReference; lastKnownFileType = sourcecode.swift; path = FirebaseLogin.swift; sourceTree = "<group>"; };
		9D9B50152A9CE2DF003F64DA /* RegDataValidation.swift */ = {isa = PBXFileReference; lastKnownFileType = sourcecode.swift; path = RegDataValidation.swift; sourceTree = "<group>"; };
		9D9B50172A9CF36C003F64DA /* FirebaseAddCost.swift */ = {isa = PBXFileReference; lastKnownFileType = sourcecode.swift; path = FirebaseAddCost.swift; sourceTree = "<group>"; };
		9D9B50192A9CFE26003F64DA /* FirebaseAddIncome.swift */ = {isa = PBXFileReference; lastKnownFileType = sourcecode.swift; path = FirebaseAddIncome.swift; sourceTree = "<group>"; };
		9D9B501B2A9D0241003F64DA /* FirebaseGetIncomes.swift */ = {isa = PBXFileReference; lastKnownFileType = sourcecode.swift; path = FirebaseGetIncomes.swift; sourceTree = "<group>"; };
		9D9B501D2A9D228D003F64DA /* SettingsViewModel.swift */ = {isa = PBXFileReference; lastKnownFileType = sourcecode.swift; path = SettingsViewModel.swift; sourceTree = "<group>"; };
		9D9B50202A9D2382003F64DA /* FirebaseSettings.swift */ = {isa = PBXFileReference; lastKnownFileType = sourcecode.swift; path = FirebaseSettings.swift; sourceTree = "<group>"; };
		9D9B50252A9E6A31003F64DA /* ListSortedIncomesViewController.swift */ = {isa = PBXFileReference; lastKnownFileType = sourcecode.swift; path = ListSortedIncomesViewController.swift; sourceTree = "<group>"; };
		9D9B50272A9E6A4A003F64DA /* ListSortedIncomesViewModel.swift */ = {isa = PBXFileReference; lastKnownFileType = sourcecode.swift; path = ListSortedIncomesViewModel.swift; sourceTree = "<group>"; };
		9D9B50292A9E6B38003F64DA /* GetListOfIncomesByCategoriesService.swift */ = {isa = PBXFileReference; lastKnownFileType = sourcecode.swift; path = GetListOfIncomesByCategoriesService.swift; sourceTree = "<group>"; };
		9D9B502B2A9E77C9003F64DA /* ThemeViewController.swift */ = {isa = PBXFileReference; lastKnownFileType = sourcecode.swift; path = ThemeViewController.swift; sourceTree = "<group>"; };
		9D9B502D2A9E77D5003F64DA /* ThemeViewModel.swift */ = {isa = PBXFileReference; lastKnownFileType = sourcecode.swift; path = ThemeViewModel.swift; sourceTree = "<group>"; };
		9D9B502F2A9E787A003F64DA /* ThemeCell.swift */ = {isa = PBXFileReference; lastKnownFileType = sourcecode.swift; path = ThemeCell.swift; sourceTree = "<group>"; };
		9DA0D65D2A6E8F1200DFD80F /* CostViewController.swift */ = {isa = PBXFileReference; lastKnownFileType = sourcecode.swift; path = CostViewController.swift; sourceTree = "<group>"; };
		9DA0D65F2A6E8F2E00DFD80F /* CostCell.swift */ = {isa = PBXFileReference; lastKnownFileType = sourcecode.swift; path = CostCell.swift; sourceTree = "<group>"; };
		9DA0D6622A6E8F5300DFD80F /* CostRealm.swift */ = {isa = PBXFileReference; lastKnownFileType = sourcecode.swift; path = CostRealm.swift; sourceTree = "<group>"; };
		9DA0D6642A6E8F7300DFD80F /* CostService.swift */ = {isa = PBXFileReference; lastKnownFileType = sourcecode.swift; path = CostService.swift; sourceTree = "<group>"; };
		9DA0D6682A6E8FA500DFD80F /* CostModelView.swift */ = {isa = PBXFileReference; lastKnownFileType = sourcecode.swift; path = CostModelView.swift; sourceTree = "<group>"; };
		9DA0D66A2A6E8FC300DFD80F /* DateInfo.swift */ = {isa = PBXFileReference; lastKnownFileType = sourcecode.swift; path = DateInfo.swift; sourceTree = "<group>"; };
		9DA0D66C2A6E8FD700DFD80F /* Categories.swift */ = {isa = PBXFileReference; lastKnownFileType = sourcecode.swift; path = Categories.swift; sourceTree = "<group>"; };
		9DA0D6702A6ED08300DFD80F /* DateStorage.swift */ = {isa = PBXFileReference; lastKnownFileType = sourcecode.swift; path = DateStorage.swift; sourceTree = "<group>"; };
		9DA0D6722A6ED0E900DFD80F /* DateModel.swift */ = {isa = PBXFileReference; lastKnownFileType = sourcecode.swift; path = DateModel.swift; sourceTree = "<group>"; };
		9DA0D67D2A6FD47200DFD80F /* Button.swift */ = {isa = PBXFileReference; lastKnownFileType = sourcecode.swift; path = Button.swift; sourceTree = "<group>"; };
		9DA0D67F2A6FE0CD00DFD80F /* ButtonsStackView.swift */ = {isa = PBXFileReference; lastKnownFileType = sourcecode.swift; path = ButtonsStackView.swift; sourceTree = "<group>"; };
		9DC587642AB22C2500CAACC2 /* СustomPieChart.swift */ = {isa = PBXFileReference; lastKnownFileType = sourcecode.swift; path = "СustomPieChart.swift"; sourceTree = "<group>"; };
		9DC587672AB301D300CAACC2 /* CostScreenModel.swift */ = {isa = PBXFileReference; lastKnownFileType = sourcecode.swift; path = CostScreenModel.swift; sourceTree = "<group>"; };
		9DC587692AB304AC00CAACC2 /* InfoButton.swift */ = {isa = PBXFileReference; lastKnownFileType = sourcecode.swift; path = InfoButton.swift; sourceTree = "<group>"; };
		9DC5876C2AB30E5A00CAACC2 /* CostScreenProtocol.swift */ = {isa = PBXFileReference; lastKnownFileType = sourcecode.swift; path = CostScreenProtocol.swift; sourceTree = "<group>"; };
		B984D3EDD309F9C13FDB8446 /* Pods-Finance.release.xcconfig */ = {isa = PBXFileReference; includeInIndex = 1; lastKnownFileType = text.xcconfig; name = "Pods-Finance.release.xcconfig"; path = "Target Support Files/Pods-Finance/Pods-Finance.release.xcconfig"; sourceTree = "<group>"; };
/* End PBXFileReference section */

/* Begin PBXFrameworksBuildPhase section */
		9D7364902A6E8CCD00528949 /* Frameworks */ = {
			isa = PBXFrameworksBuildPhase;
			buildActionMask = 2147483647;
			files = (
				9D9B4FE52A9CB02E003F64DA /* FirebaseDatabaseSwift in Frameworks */,
				9D9B4FBF2A9CA7E7003F64DA /* RealmSwift in Frameworks */,
				9D9B4FFD2A9CB02F003F64DA /* FirebasePerformance in Frameworks */,
				9D9B4FFF2A9CB02F003F64DA /* FirebaseRemoteConfig in Frameworks */,
				9D9B4FD32A9CB02E003F64DA /* FirebaseAnalyticsOnDeviceConversion in Frameworks */,
				9D9B4FF72A9CB02F003F64DA /* FirebaseInstallations in Frameworks */,
				9D9B4FEB2A9CB02E003F64DA /* FirebaseFirestoreCombine-Community in Frameworks */,
				9D9B4FF52A9CB02F003F64DA /* FirebaseInAppMessagingSwift-Beta in Frameworks */,
				9D9B4FBD2A9CA7E3003F64DA /* Realm in Frameworks */,
				9D9B4FF92A9CB02F003F64DA /* FirebaseMLModelDownloader in Frameworks */,
				9D9B4FFB2A9CB02F003F64DA /* FirebaseMessaging in Frameworks */,
				9D9B4FED2A9CB02F003F64DA /* FirebaseFirestoreSwift in Frameworks */,
				9D9B4FE92A9CB02E003F64DA /* FirebaseFirestore in Frameworks */,
				9D9B4FEF2A9CB02F003F64DA /* FirebaseFunctions in Frameworks */,
				9D9B4FBB2A9CA710003F64DA /* SnapKit in Frameworks */,
				9D9B4FD52A9CB02E003F64DA /* FirebaseAnalyticsSwift in Frameworks */,
				9D9B4FD12A9CB02E003F64DA /* FirebaseAnalytics in Frameworks */,
				CEC35E980CEBB7D6F303C8D3 /* Pods_Finance.framework in Frameworks */,
				9D9B4FDF2A9CB02E003F64DA /* FirebaseAuthCombine-Community in Frameworks */,
				9D9B4FDD2A9CB02E003F64DA /* FirebaseAuth in Frameworks */,
				9D9B4FF12A9CB02F003F64DA /* FirebaseFunctionsCombine-Community in Frameworks */,
				9D9B4FE12A9CB02E003F64DA /* FirebaseCrashlytics in Frameworks */,
				9D9B4FE72A9CB02E003F64DA /* FirebaseDynamicLinks in Frameworks */,
				9D9B50032A9CB02F003F64DA /* FirebaseStorage in Frameworks */,
				9D9B50242A9D4EB1003F64DA /* DGCharts in Frameworks */,
				9D9B4FF32A9CB02F003F64DA /* FirebaseInAppMessaging-Beta in Frameworks */,
				9D9B50012A9CB02F003F64DA /* FirebaseRemoteConfigSwift in Frameworks */,
				9D9B4FDB2A9CB02E003F64DA /* FirebaseAppDistribution-Beta in Frameworks */,
				9D9B50052A9CB02F003F64DA /* FirebaseStorageCombine-Community in Frameworks */,
				9D9B4FD92A9CB02E003F64DA /* FirebaseAppCheck in Frameworks */,
				9D9B4FE32A9CB02E003F64DA /* FirebaseDatabase in Frameworks */,
				9D9B4FD72A9CB02E003F64DA /* FirebaseAnalyticsWithoutAdIdSupport in Frameworks */,
			);
			runOnlyForDeploymentPostprocessing = 0;
		};
		9D9B4FC12A9CA855003F64DA /* Frameworks */ = {
			isa = PBXFrameworksBuildPhase;
			buildActionMask = 2147483647;
			files = (
			);
			runOnlyForDeploymentPostprocessing = 0;
		};
/* End PBXFrameworksBuildPhase section */

/* Begin PBXGroup section */
		113A405B46A359BE78754FB2 /* Pods */ = {
			isa = PBXGroup;
			children = (
				9100CF1E62AB52898C622ED7 /* Pods-Finance.debug.xcconfig */,
				B984D3EDD309F9C13FDB8446 /* Pods-Finance.release.xcconfig */,
			);
			path = Pods;
			sourceTree = "<group>";
		};
		9A19E3BF81C5F319C2000FBD /* Frameworks */ = {
			isa = PBXGroup;
			children = (
				5F90BBF5C34D9CE4AA548311 /* Pods_Finance.framework */,
			);
			name = Frameworks;
			sourceTree = "<group>";
		};
		9D1A99B82A8D88C200A78AC2 /* IncomesListScreen */ = {
			isa = PBXGroup;
			children = (
				9D1A99BB2A8D88F900A78AC2 /* ViewControllers */,
				9D1A99BA2A8D88EE00A78AC2 /* ViewModels */,
				9D1A99B92A8D88E100A78AC2 /* DesignElements */,
			);
			path = IncomesListScreen;
			sourceTree = "<group>";
		};
		9D1A99B92A8D88E100A78AC2 /* DesignElements */ = {
			isa = PBXGroup;
			children = (
				9D1A99C12A8E777000A78AC2 /* IncomeCell.swift */,
			);
			path = DesignElements;
			sourceTree = "<group>";
		};
		9D1A99BA2A8D88EE00A78AC2 /* ViewModels */ = {
			isa = PBXGroup;
			children = (
				9D1A99C52A8E79B800A78AC2 /* IncomeModelView.swift */,
			);
			path = ViewModels;
			sourceTree = "<group>";
		};
		9D1A99BB2A8D88F900A78AC2 /* ViewControllers */ = {
			isa = PBXGroup;
			children = (
				9D1A99BC2A8D891800A78AC2 /* IncomeViewController.swift */,
			);
			path = ViewControllers;
			sourceTree = "<group>";
		};
		9D1A99C02A8E769000A78AC2 /* AddIncomeScreen */ = {
			isa = PBXGroup;
			children = (
				9D1A99CE2A8E867B00A78AC2 /* Api */,
				9D1A99C92A8E81BA00A78AC2 /* ViewControllers */,
				9D1A99C82A8E81B200A78AC2 /* ViewModel */,
				9D1A99C72A8E819F00A78AC2 /* DesignElements */,
			);
			path = AddIncomeScreen;
			sourceTree = "<group>";
		};
		9D1A99C72A8E819F00A78AC2 /* DesignElements */ = {
			isa = PBXGroup;
			children = (
			);
			path = DesignElements;
			sourceTree = "<group>";
		};
		9D1A99C82A8E81B200A78AC2 /* ViewModel */ = {
			isa = PBXGroup;
			children = (
				9D1A99CC2A8E84A700A78AC2 /* AddIncomeViewModel.swift */,
			);
			path = ViewModel;
			sourceTree = "<group>";
		};
		9D1A99C92A8E81BA00A78AC2 /* ViewControllers */ = {
			isa = PBXGroup;
			children = (
				9D1A99CA2A8E81F800A78AC2 /* AddIncomeViewController.swift */,
				9D1A99D12A8E87E600A78AC2 /* SetupCollectionView.swift */,
			);
			path = ViewControllers;
			sourceTree = "<group>";
		};
		9D1A99CE2A8E867B00A78AC2 /* Api */ = {
			isa = PBXGroup;
			children = (
				9D1A99CF2A8E869400A78AC2 /* SaveSumObjectIncomes.swift */,
				9D9B50192A9CFE26003F64DA /* FirebaseAddIncome.swift */,
			);
			path = Api;
			sourceTree = "<group>";
		};
		9D1A99D32A8EB64C00A78AC2 /* CustomTabBar */ = {
			isa = PBXGroup;
			children = (
				9D1A99D42A8EB68200A78AC2 /* TabBarController.swift */,
			);
			path = CustomTabBar;
			sourceTree = "<group>";
		};
		9D1A99DC2A8F896800A78AC2 /* Theme */ = {
			isa = PBXGroup;
			children = (
				9D1A99DD2A8F897B00A78AC2 /* Theme.swift */,
			);
			path = Theme;
			sourceTree = "<group>";
		};
		9D2A22A62A703C7800CD86F4 /* Api */ = {
			isa = PBXGroup;
			children = (
				9DA0D6702A6ED08300DFD80F /* DateStorage.swift */,
				9D9B501B2A9D0241003F64DA /* FirebaseGetIncomes.swift */,
				9DA0D6642A6E8F7300DFD80F /* CostService.swift */,
				9D4C784F2A7FB5CB00B79C01 /* GoalsService.swift */,
				9D1A99A92A8D7FCC00A78AC2 /* IncomeService.swift */,
				9DA0D66A2A6E8FC300DFD80F /* DateInfo.swift */,
				9D4C78032A7A8B5900B79C01 /* GetCostStatistics.swift */,
				9D1A99AB2A8D81D200A78AC2 /* GetIncomeStatistics.swift */,
				9D1A99AD2A8D82DB00A78AC2 /* SumIncomeModelsService.swift */,
				9D9B50292A9E6B38003F64DA /* GetListOfIncomesByCategoriesService.swift */,
				9D4C77F72A799DEF00B79C01 /* GetListOfCostsByCategoriesService.swift */,
				9D4C78012A7A4C2C00B79C01 /* SumCostModelsService.swift */,
			);
			path = Api;
			sourceTree = "<group>";
		};
		9D2A22A72A703C9500CD86F4 /* Models */ = {
			isa = PBXGroup;
			children = (
				9DA0D66C2A6E8FD700DFD80F /* Categories.swift */,
				9D4C77FF2A7A409A00B79C01 /* KeyValueDateModel.swift */,
				9D4C784D2A7FB30A00B79C01 /* GoalObject.swift */,
				9DA0D6722A6ED0E900DFD80F /* DateModel.swift */,
				9D4C77FD2A7A3F5000B79C01 /* SumCostObjects.swift */,
				9D1A99B52A8D886000A78AC2 /* IncomeCategoryModel.swift */,
				9D4C77F52A797DEC00B79C01 /* CostCategoryModel.swift */,
				9DA0D6622A6E8F5300DFD80F /* CostRealm.swift */,
				9D1A99A52A8D7C5F00A78AC2 /* IncomeRealm.swift */,
				9D1A99A72A8D7D5E00A78AC2 /* SumIncomeObjects.swift */,
			);
			path = Models;
			sourceTree = "<group>";
		};
		9D2A22A82A703CD300CD86F4 /* AppFiles */ = {
			isa = PBXGroup;
			children = (
				9D7364962A6E8CCD00528949 /* AppDelegate.swift */,
				9D7364982A6E8CCD00528949 /* SceneDelegate.swift */,
			);
			path = AppFiles;
			sourceTree = "<group>";
		};
		9D4C78092A7AEA5D00B79C01 /* CostScreen */ = {
			isa = PBXGroup;
			children = (
				9DC5876B2AB30E4D00CAACC2 /* Protocols */,
				9DC587662AB301C500CAACC2 /* Models */,
				9D4C780D2A7AEBB500B79C01 /* DesignElements */,
				9D4C780B2A7AEADD00B79C01 /* ViewModels */,
				9D4C780A2A7AEA7A00B79C01 /* ViewControllers */,
			);
			path = CostScreen;
			sourceTree = "<group>";
		};
		9D4C780A2A7AEA7A00B79C01 /* ViewControllers */ = {
			isa = PBXGroup;
			children = (
				9D2A23112A7451D300CD86F4 /* CostScreen.swift */,
				9D4C77FB2A79ADB900B79C01 /* ListSortedCostsViewController.swift */,
			);
			path = ViewControllers;
			sourceTree = "<group>";
		};
		9D4C780B2A7AEADD00B79C01 /* ViewModels */ = {
			isa = PBXGroup;
			children = (
				9D4C77F92A79ABC200B79C01 /* ListSortedCostsViewModel.swift */,
				9D4BDE392A782937007149EA /* CostScreenViewModel.swift */,
			);
			path = ViewModels;
			sourceTree = "<group>";
		};
		9D4C780D2A7AEBB500B79C01 /* DesignElements */ = {
			isa = PBXGroup;
			children = (
				9DA0D67D2A6FD47200DFD80F /* Button.swift */,
				9D4C78072A7AE83500B79C01 /* CellForCostScreen.swift */,
				9D4C781A2A7BD4D800B79C01 /* Buttons.swift */,
				9D4C786E2A865FE800B79C01 /* CostScreenGoalCell.swift */,
				9DA0D67F2A6FE0CD00DFD80F /* ButtonsStackView.swift */,
				9DC587642AB22C2500CAACC2 /* СustomPieChart.swift */,
				9DC587692AB304AC00CAACC2 /* InfoButton.swift */,
			);
			path = DesignElements;
			sourceTree = "<group>";
		};
		9D4C780E2A7AECB000B79C01 /* AddCostScreen */ = {
			isa = PBXGroup;
			children = (
				9D4C78672A8389D800B79C01 /* Api */,
				9D4C78122A7AEDFA00B79C01 /* DesignElements */,
				9D4C78112A7AEDEC00B79C01 /* ViewModel */,
				9D4C780F2A7AEDC600B79C01 /* ViewControllers */,
			);
			path = AddCostScreen;
			sourceTree = "<group>";
		};
		9D4C780F2A7AEDC600B79C01 /* ViewControllers */ = {
			isa = PBXGroup;
			children = (
				9D4C785D2A8112ED00B79C01 /* AddViewController.swift */,
				9D4C78722A87792A00B79C01 /* CalendarController.swift */,
				9D4C78652A82896200B79C01 /* ExtensionSetupCollectionViews.swift */,
			);
			path = ViewControllers;
			sourceTree = "<group>";
		};
		9D4C78112A7AEDEC00B79C01 /* ViewModel */ = {
			isa = PBXGroup;
			children = (
				9D2A22B72A71076900CD86F4 /* AddCostViewModel.swift */,
				9D4C78742A877FB500B79C01 /* CalendarViewModel.swift */,
			);
			path = ViewModel;
			sourceTree = "<group>";
		};
		9D4C78122A7AEDFA00B79C01 /* DesignElements */ = {
			isa = PBXGroup;
			children = (
				9D4C785F2A81134900B79C01 /* CategoryCell.swift */,
				9D4C78612A8116A700B79C01 /* AddCostGoalCell.swift */,
				9D4C78632A82240000B79C01 /* DateCell.swift */,
				9D4C786C2A8617C600B79C01 /* ButtonsSubCategories.swift */,
			);
			path = DesignElements;
			sourceTree = "<group>";
		};
		9D4C78142A7AEF6500B79C01 /* CostsListScreen */ = {
			isa = PBXGroup;
			children = (
				9D4C78172A7AEFCD00B79C01 /* DesignElements */,
				9D4C78162A7AEFA700B79C01 /* ViewModels */,
				9D4C78152A7AEF8000B79C01 /* ViewControllers */,
			);
			path = CostsListScreen;
			sourceTree = "<group>";
		};
		9D4C78152A7AEF8000B79C01 /* ViewControllers */ = {
			isa = PBXGroup;
			children = (
				9DA0D65D2A6E8F1200DFD80F /* CostViewController.swift */,
			);
			path = ViewControllers;
			sourceTree = "<group>";
		};
		9D4C78162A7AEFA700B79C01 /* ViewModels */ = {
			isa = PBXGroup;
			children = (
				9DA0D6682A6E8FA500DFD80F /* CostModelView.swift */,
			);
			path = ViewModels;
			sourceTree = "<group>";
		};
		9D4C78172A7AEFCD00B79C01 /* DesignElements */ = {
			isa = PBXGroup;
			children = (
				9DA0D65F2A6E8F2E00DFD80F /* CostCell.swift */,
			);
			path = DesignElements;
			sourceTree = "<group>";
		};
		9D4C78192A7AF0C500B79C01 /* Extensions */ = {
			isa = PBXGroup;
			children = (
				9D2A23192A7542B100CD86F4 /* ExtensionForGestures.swift */,
			);
			path = Extensions;
			sourceTree = "<group>";
		};
		9D4C781E2A7CDE8C00B79C01 /* MenuScreen */ = {
			isa = PBXGroup;
			children = (
				9D4C782C2A7CF21300B79C01 /* Models */,
				9D4C78212A7CDED000B79C01 /* DesignElements */,
				9D4C78202A7CDEC500B79C01 /* ViewModels */,
				9D4C781F2A7CDEB400B79C01 /* ViewControllers */,
			);
			path = MenuScreen;
			sourceTree = "<group>";
		};
		9D4C781F2A7CDEB400B79C01 /* ViewControllers */ = {
			isa = PBXGroup;
			children = (
				9D4C78262A7CE25B00B79C01 /* MenuViewController.swift */,
			);
			path = ViewControllers;
			sourceTree = "<group>";
		};
		9D4C78202A7CDEC500B79C01 /* ViewModels */ = {
			isa = PBXGroup;
			children = (
			);
			path = ViewModels;
			sourceTree = "<group>";
		};
		9D4C78212A7CDED000B79C01 /* DesignElements */ = {
			isa = PBXGroup;
			children = (
				9D4C782A2A7CEC9D00B79C01 /* MenuTableViewCell.swift */,
			);
			path = DesignElements;
			sourceTree = "<group>";
		};
		9D4C782C2A7CF21300B79C01 /* Models */ = {
			isa = PBXGroup;
			children = (
				9D4C782D2A7CF22B00B79C01 /* MenuModel.swift */,
			);
			path = Models;
			sourceTree = "<group>";
		};
		9D4C782F2A7D28B600B79C01 /* IncomeScreen */ = {
			isa = PBXGroup;
			children = (
				9D4C78322A7D28E900B79C01 /* DesignElements */,
				9D4C78302A7D28D200B79C01 /* ViewModels */,
				9D4C78312A7D28DE00B79C01 /* ViewControllers */,
			);
			path = IncomeScreen;
			sourceTree = "<group>";
		};
		9D4C78302A7D28D200B79C01 /* ViewModels */ = {
			isa = PBXGroup;
			children = (
				9D1A99B32A8D84A700A78AC2 /* IncomeScreenViewModel.swift */,
				9D9B50272A9E6A4A003F64DA /* ListSortedIncomesViewModel.swift */,
			);
			path = ViewModels;
			sourceTree = "<group>";
		};
		9D4C78312A7D28DE00B79C01 /* ViewControllers */ = {
			isa = PBXGroup;
			children = (
				9D4C783F2A7D2A6F00B79C01 /* IncomeScreen.swift */,
				9D9B50252A9E6A31003F64DA /* ListSortedIncomesViewController.swift */,
			);
			path = ViewControllers;
			sourceTree = "<group>";
		};
		9D4C78322A7D28E900B79C01 /* DesignElements */ = {
			isa = PBXGroup;
			children = (
				9D1A99AF2A8D842000A78AC2 /* CellForIncomeScreen.swift */,
			);
			path = DesignElements;
			sourceTree = "<group>";
		};
		9D4C78332A7D291100B79C01 /* FinanceGoalsScreen */ = {
			isa = PBXGroup;
			children = (
				9D4C78362A7D294000B79C01 /* DesignElements */,
				9D4C78352A7D293600B79C01 /* ViewModels  */,
				9D4C78342A7D292C00B79C01 /* ViewControllers */,
			);
			path = FinanceGoalsScreen;
			sourceTree = "<group>";
		};
		9D4C78342A7D292C00B79C01 /* ViewControllers */ = {
			isa = PBXGroup;
			children = (
				9D4C78412A7D2F8300B79C01 /* FinanceGoalsScreen.swift */,
				9D4C78512A7FCC6A00B79C01 /* AddGoalViewController.swift */,
			);
			path = ViewControllers;
			sourceTree = "<group>";
		};
		9D4C78352A7D293600B79C01 /* ViewModels  */ = {
			isa = PBXGroup;
			children = (
				9D4C784B2A7FB29B00B79C01 /* GoalViewModel.swift */,
				9D1A99D62A8F6C4E00A78AC2 /* AddGoalViewModel.swift */,
			);
			path = "ViewModels ";
			sourceTree = "<group>";
		};
		9D4C78362A7D294000B79C01 /* DesignElements */ = {
			isa = PBXGroup;
			children = (
				9D4C78492A7F90B000B79C01 /* GoalCell.swift */,
				9D4C78572A7FD40600B79C01 /* CollectionViewForIconsCell.swift */,
			);
			path = DesignElements;
			sourceTree = "<group>";
		};
		9D4C78372A7D294F00B79C01 /* FinanceStatistics */ = {
			isa = PBXGroup;
			children = (
				9D4C783A2A7D297D00B79C01 /* DesignElements */,
				9D4C78392A7D297500B79C01 /* ViewModels */,
				9D4C78382A7D296A00B79C01 /* ViewControllers */,
			);
			path = FinanceStatistics;
			sourceTree = "<group>";
		};
		9D4C78382A7D296A00B79C01 /* ViewControllers */ = {
			isa = PBXGroup;
			children = (
				9D4C78432A7D332E00B79C01 /* FinanceStatisticsScreen.swift */,
			);
			path = ViewControllers;
			sourceTree = "<group>";
		};
		9D4C78392A7D297500B79C01 /* ViewModels */ = {
			isa = PBXGroup;
			children = (
				9D1A99D82A8F766E00A78AC2 /* FinanceStatisticsViewModel.swift */,
			);
			path = ViewModels;
			sourceTree = "<group>";
		};
		9D4C783A2A7D297D00B79C01 /* DesignElements */ = {
			isa = PBXGroup;
			children = (
				9D398AC92A9A5D8D00938F81 /* MenuStatisticsView.swift */,
			);
			path = DesignElements;
			sourceTree = "<group>";
		};
		9D4C783B2A7D29A100B79C01 /* Settings */ = {
			isa = PBXGroup;
			children = (
				9D9B501F2A9D236F003F64DA /* API */,
				9D4C783E2A7D29BE00B79C01 /* DesignElements */,
				9D4C783D2A7D29B500B79C01 /* ViewModels */,
				9D4C783C2A7D29AB00B79C01 /* ViewControllers */,
			);
			path = Settings;
			sourceTree = "<group>";
		};
		9D4C783C2A7D29AB00B79C01 /* ViewControllers */ = {
			isa = PBXGroup;
			children = (
				9D4C78452A7D343F00B79C01 /* SettingsScreen.swift */,
				9D9B502B2A9E77C9003F64DA /* ThemeViewController.swift */,
			);
			path = ViewControllers;
			sourceTree = "<group>";
		};
		9D4C783D2A7D29B500B79C01 /* ViewModels */ = {
			isa = PBXGroup;
			children = (
				9D9B501D2A9D228D003F64DA /* SettingsViewModel.swift */,
				9D9B502D2A9E77D5003F64DA /* ThemeViewModel.swift */,
			);
			path = ViewModels;
			sourceTree = "<group>";
		};
		9D4C783E2A7D29BE00B79C01 /* DesignElements */ = {
			isa = PBXGroup;
			children = (
				9D1A99DA2A8F7D4C00A78AC2 /* SettingsCell.swift */,
				9D9B502F2A9E787A003F64DA /* ThemeCell.swift */,
			);
			path = DesignElements;
			sourceTree = "<group>";
		};
		9D4C78672A8389D800B79C01 /* Api */ = {
			isa = PBXGroup;
			children = (
				9D4C78682A838A0500B79C01 /* SaveSumObjectCosts.swift */,
				9D9B50172A9CF36C003F64DA /* FirebaseAddCost.swift */,
			);
			path = Api;
			sourceTree = "<group>";
		};
		9D73648A2A6E8CCD00528949 = {
			isa = PBXGroup;
			children = (
				9D7364952A6E8CCD00528949 /* Finance */,
				9D9B4FC52A9CA855003F64DA /* FinanceUITests */,
				9D7364942A6E8CCD00528949 /* Products */,
				113A405B46A359BE78754FB2 /* Pods */,
				9A19E3BF81C5F319C2000FBD /* Frameworks */,
			);
			sourceTree = "<group>";
		};
		9D7364942A6E8CCD00528949 /* Products */ = {
			isa = PBXGroup;
			children = (
				9D7364932A6E8CCD00528949 /* Finance.app */,
				9D9B4FC42A9CA855003F64DA /* FinanceUITests.xctest */,
			);
			name = Products;
			sourceTree = "<group>";
		};
		9D7364952A6E8CCD00528949 /* Finance */ = {
			isa = PBXGroup;
			children = (
				9D9B50092A9CC500003F64DA /* GoogleService-Info.plist */,
				9D9B50062A9CB89A003F64DA /* LoginScreen */,
				9D7364A42A6E8CCE00528949 /* Info.plist */,
				9D1A99DC2A8F896800A78AC2 /* Theme */,
				9D1A99D32A8EB64C00A78AC2 /* CustomTabBar */,
				9D1A99C02A8E769000A78AC2 /* AddIncomeScreen */,
				9D1A99B82A8D88C200A78AC2 /* IncomesListScreen */,
				9D4C783B2A7D29A100B79C01 /* Settings */,
				9D4C78372A7D294F00B79C01 /* FinanceStatistics */,
				9D4C78332A7D291100B79C01 /* FinanceGoalsScreen */,
				9D4C782F2A7D28B600B79C01 /* IncomeScreen */,
				9D4C781E2A7CDE8C00B79C01 /* MenuScreen */,
				9D4C78192A7AF0C500B79C01 /* Extensions */,
				9D4C78142A7AEF6500B79C01 /* CostsListScreen */,
				9D4C78092A7AEA5D00B79C01 /* CostScreen */,
				9D4C780E2A7AECB000B79C01 /* AddCostScreen */,
				9D2A22A82A703CD300CD86F4 /* AppFiles */,
				9DA0D67C2A6FD44800DFD80F /* Design Elements */,
				9D2A22A72A703C9500CD86F4 /* Models */,
				9D2A22A62A703C7800CD86F4 /* Api */,
			);
			path = Finance;
			sourceTree = "<group>";
		};
		9D9B4FC52A9CA855003F64DA /* FinanceUITests */ = {
			isa = PBXGroup;
			children = (
				9D9B4FC62A9CA855003F64DA /* FinanceUITests.swift */,
				9D9B4FC82A9CA855003F64DA /* FinanceUITestsLaunchTests.swift */,
			);
			path = FinanceUITests;
			sourceTree = "<group>";
		};
		9D9B50062A9CB89A003F64DA /* LoginScreen */ = {
			isa = PBXGroup;
			children = (
				9D9B50122A9CDE84003F64DA /* Api */,
				9D9B500D2A9CC686003F64DA /* DesignElements */,
				9D9B500C2A9CC67D003F64DA /* ViewModels */,
				9D9B500B2A9CC671003F64DA /* ViewControllers */,
			);
			path = LoginScreen;
			sourceTree = "<group>";
		};
		9D9B500B2A9CC671003F64DA /* ViewControllers */ = {
			isa = PBXGroup;
			children = (
				9D9B500E2A9CC712003F64DA /* LoginViewController.swift */,
			);
			path = ViewControllers;
			sourceTree = "<group>";
		};
		9D9B500C2A9CC67D003F64DA /* ViewModels */ = {
			isa = PBXGroup;
			children = (
				9D9B50102A9CDC92003F64DA /* LoginViewModel.swift */,
			);
			path = ViewModels;
			sourceTree = "<group>";
		};
		9D9B500D2A9CC686003F64DA /* DesignElements */ = {
			isa = PBXGroup;
			children = (
			);
			path = DesignElements;
			sourceTree = "<group>";
		};
		9D9B50122A9CDE84003F64DA /* Api */ = {
			isa = PBXGroup;
			children = (
				9D9B50132A9CDF00003F64DA /* FirebaseLogin.swift */,
				9D9B50152A9CE2DF003F64DA /* RegDataValidation.swift */,
			);
			path = Api;
			sourceTree = "<group>";
		};
		9D9B501F2A9D236F003F64DA /* API */ = {
			isa = PBXGroup;
			children = (
				9D9B50202A9D2382003F64DA /* FirebaseSettings.swift */,
			);
			path = API;
			sourceTree = "<group>";
		};
		9DA0D67C2A6FD44800DFD80F /* Design Elements */ = {
			isa = PBXGroup;
			children = (
				9D73649C2A6E8CCD00528949 /* Main.storyboard */,
				9D7364A12A6E8CCE00528949 /* LaunchScreen.storyboard */,
				9D73649F2A6E8CCE00528949 /* Assets.xcassets */,
				9D4C781C2A7CD8C500B79C01 /* MenuIcon.swift */,
				9D1A99BE2A8E643100A78AC2 /* CategoryIncomeDesignElements.swift */,
				9D4C78052A7AE4F200B79C01 /* CategoryCostsDesignElements.swift */,
			);
			path = "Design Elements";
			sourceTree = "<group>";
		};
		9DC587662AB301C500CAACC2 /* Models */ = {
			isa = PBXGroup;
			children = (
				9DC587672AB301D300CAACC2 /* CostScreenModel.swift */,
			);
			path = Models;
			sourceTree = "<group>";
		};
		9DC5876B2AB30E4D00CAACC2 /* Protocols */ = {
			isa = PBXGroup;
			children = (
				9DC5876C2AB30E5A00CAACC2 /* CostScreenProtocol.swift */,
			);
			path = Protocols;
			sourceTree = "<group>";
		};
/* End PBXGroup section */

/* Begin PBXNativeTarget section */
		9D7364922A6E8CCD00528949 /* Finance */ = {
			isa = PBXNativeTarget;
			buildConfigurationList = 9D7364A72A6E8CCE00528949 /* Build configuration list for PBXNativeTarget "Finance" */;
			buildPhases = (
				25646BA8C70E0B4AE7560648 /* [CP] Check Pods Manifest.lock */,
				9D73648F2A6E8CCD00528949 /* Sources */,
				9D7364902A6E8CCD00528949 /* Frameworks */,
				9D7364912A6E8CCD00528949 /* Resources */,
				698623FAE3B374F92262CAA7 /* [CP] Embed Pods Frameworks */,
			);
			buildRules = (
			);
			dependencies = (
			);
			name = Finance;
			packageProductDependencies = (
				9D9B4FBA2A9CA710003F64DA /* SnapKit */,
				9D9B4FBC2A9CA7E3003F64DA /* Realm */,
				9D9B4FBE2A9CA7E7003F64DA /* RealmSwift */,
				9D9B4FD02A9CB02E003F64DA /* FirebaseAnalytics */,
				9D9B4FD22A9CB02E003F64DA /* FirebaseAnalyticsOnDeviceConversion */,
				9D9B4FD42A9CB02E003F64DA /* FirebaseAnalyticsSwift */,
				9D9B4FD62A9CB02E003F64DA /* FirebaseAnalyticsWithoutAdIdSupport */,
				9D9B4FD82A9CB02E003F64DA /* FirebaseAppCheck */,
				9D9B4FDA2A9CB02E003F64DA /* FirebaseAppDistribution-Beta */,
				9D9B4FDC2A9CB02E003F64DA /* FirebaseAuth */,
				9D9B4FDE2A9CB02E003F64DA /* FirebaseAuthCombine-Community */,
				9D9B4FE02A9CB02E003F64DA /* FirebaseCrashlytics */,
				9D9B4FE22A9CB02E003F64DA /* FirebaseDatabase */,
				9D9B4FE42A9CB02E003F64DA /* FirebaseDatabaseSwift */,
				9D9B4FE62A9CB02E003F64DA /* FirebaseDynamicLinks */,
				9D9B4FE82A9CB02E003F64DA /* FirebaseFirestore */,
				9D9B4FEA2A9CB02E003F64DA /* FirebaseFirestoreCombine-Community */,
				9D9B4FEC2A9CB02F003F64DA /* FirebaseFirestoreSwift */,
				9D9B4FEE2A9CB02F003F64DA /* FirebaseFunctions */,
				9D9B4FF02A9CB02F003F64DA /* FirebaseFunctionsCombine-Community */,
				9D9B4FF22A9CB02F003F64DA /* FirebaseInAppMessaging-Beta */,
				9D9B4FF42A9CB02F003F64DA /* FirebaseInAppMessagingSwift-Beta */,
				9D9B4FF62A9CB02F003F64DA /* FirebaseInstallations */,
				9D9B4FF82A9CB02F003F64DA /* FirebaseMLModelDownloader */,
				9D9B4FFA2A9CB02F003F64DA /* FirebaseMessaging */,
				9D9B4FFC2A9CB02F003F64DA /* FirebasePerformance */,
				9D9B4FFE2A9CB02F003F64DA /* FirebaseRemoteConfig */,
				9D9B50002A9CB02F003F64DA /* FirebaseRemoteConfigSwift */,
				9D9B50022A9CB02F003F64DA /* FirebaseStorage */,
				9D9B50042A9CB02F003F64DA /* FirebaseStorageCombine-Community */,
				9D9B50232A9D4EB1003F64DA /* DGCharts */,
			);
			productName = Finance;
			productReference = 9D7364932A6E8CCD00528949 /* Finance.app */;
			productType = "com.apple.product-type.application";
		};
		9D9B4FC32A9CA855003F64DA /* FinanceUITests */ = {
			isa = PBXNativeTarget;
			buildConfigurationList = 9D9B4FCC2A9CA855003F64DA /* Build configuration list for PBXNativeTarget "FinanceUITests" */;
			buildPhases = (
				9D9B4FC02A9CA855003F64DA /* Sources */,
				9D9B4FC12A9CA855003F64DA /* Frameworks */,
				9D9B4FC22A9CA855003F64DA /* Resources */,
			);
			buildRules = (
			);
			dependencies = (
				9D9B4FCB2A9CA855003F64DA /* PBXTargetDependency */,
			);
			name = FinanceUITests;
			productName = FinanceUITests;
			productReference = 9D9B4FC42A9CA855003F64DA /* FinanceUITests.xctest */;
			productType = "com.apple.product-type.bundle.ui-testing";
		};
/* End PBXNativeTarget section */

/* Begin PBXProject section */
		9D73648B2A6E8CCD00528949 /* Project object */ = {
			isa = PBXProject;
			attributes = {
				BuildIndependentTargetsInParallel = 1;
				LastSwiftUpdateCheck = 1430;
				LastUpgradeCheck = 1430;
				TargetAttributes = {
					9D7364922A6E8CCD00528949 = {
						CreatedOnToolsVersion = 14.3.1;
					};
					9D9B4FC32A9CA855003F64DA = {
						CreatedOnToolsVersion = 14.3.1;
						TestTargetID = 9D7364922A6E8CCD00528949;
					};
				};
			};
			buildConfigurationList = 9D73648E2A6E8CCD00528949 /* Build configuration list for PBXProject "Finance" */;
			compatibilityVersion = "Xcode 14.0";
			developmentRegion = en;
			hasScannedForEncodings = 0;
			knownRegions = (
				en,
				Base,
			);
			mainGroup = 9D73648A2A6E8CCD00528949;
			packageReferences = (
				9DA0D6582A6E8EC000DFD80F /* XCRemoteSwiftPackageReference "realm-swift" */,
				9D9B4FB92A9CA710003F64DA /* XCRemoteSwiftPackageReference "SnapKit" */,
				9D9B4FCF2A9CB02E003F64DA /* XCRemoteSwiftPackageReference "firebase-ios-sdk" */,
				9D9B50222A9D4EB1003F64DA /* XCRemoteSwiftPackageReference "Charts" */,
			);
			productRefGroup = 9D7364942A6E8CCD00528949 /* Products */;
			projectDirPath = "";
			projectRoot = "";
			targets = (
				9D7364922A6E8CCD00528949 /* Finance */,
				9D9B4FC32A9CA855003F64DA /* FinanceUITests */,
			);
		};
/* End PBXProject section */

/* Begin PBXResourcesBuildPhase section */
		9D7364912A6E8CCD00528949 /* Resources */ = {
			isa = PBXResourcesBuildPhase;
			buildActionMask = 2147483647;
			files = (
				9D7364A32A6E8CCE00528949 /* LaunchScreen.storyboard in Resources */,
				9D7364A02A6E8CCE00528949 /* Assets.xcassets in Resources */,
				9D9B500A2A9CC500003F64DA /* GoogleService-Info.plist in Resources */,
				9D73649E2A6E8CCD00528949 /* Main.storyboard in Resources */,
			);
			runOnlyForDeploymentPostprocessing = 0;
		};
		9D9B4FC22A9CA855003F64DA /* Resources */ = {
			isa = PBXResourcesBuildPhase;
			buildActionMask = 2147483647;
			files = (
			);
			runOnlyForDeploymentPostprocessing = 0;
		};
/* End PBXResourcesBuildPhase section */

/* Begin PBXShellScriptBuildPhase section */
		25646BA8C70E0B4AE7560648 /* [CP] Check Pods Manifest.lock */ = {
			isa = PBXShellScriptBuildPhase;
			buildActionMask = 2147483647;
			files = (
			);
			inputFileListPaths = (
			);
			inputPaths = (
				"${PODS_PODFILE_DIR_PATH}/Podfile.lock",
				"${PODS_ROOT}/Manifest.lock",
			);
			name = "[CP] Check Pods Manifest.lock";
			outputFileListPaths = (
			);
			outputPaths = (
				"$(DERIVED_FILE_DIR)/Pods-Finance-checkManifestLockResult.txt",
			);
			runOnlyForDeploymentPostprocessing = 0;
			shellPath = /bin/sh;
			shellScript = "diff \"${PODS_PODFILE_DIR_PATH}/Podfile.lock\" \"${PODS_ROOT}/Manifest.lock\" > /dev/null\nif [ $? != 0 ] ; then\n    # print error to STDERR\n    echo \"error: The sandbox is not in sync with the Podfile.lock. Run 'pod install' or update your CocoaPods installation.\" >&2\n    exit 1\nfi\n# This output is used by Xcode 'outputs' to avoid re-running this script phase.\necho \"SUCCESS\" > \"${SCRIPT_OUTPUT_FILE_0}\"\n";
			showEnvVarsInLog = 0;
		};
		698623FAE3B374F92262CAA7 /* [CP] Embed Pods Frameworks */ = {
			isa = PBXShellScriptBuildPhase;
			buildActionMask = 2147483647;
			files = (
			);
			inputFileListPaths = (
				"${PODS_ROOT}/Target Support Files/Pods-Finance/Pods-Finance-frameworks-${CONFIGURATION}-input-files.xcfilelist",
			);
			name = "[CP] Embed Pods Frameworks";
			outputFileListPaths = (
				"${PODS_ROOT}/Target Support Files/Pods-Finance/Pods-Finance-frameworks-${CONFIGURATION}-output-files.xcfilelist",
			);
			runOnlyForDeploymentPostprocessing = 0;
			shellPath = /bin/sh;
			shellScript = "\"${PODS_ROOT}/Target Support Files/Pods-Finance/Pods-Finance-frameworks.sh\"\n";
			showEnvVarsInLog = 0;
		};
/* End PBXShellScriptBuildPhase section */

/* Begin PBXSourcesBuildPhase section */
		9D73648F2A6E8CCD00528949 /* Sources */ = {
			isa = PBXSourcesBuildPhase;
			buildActionMask = 2147483647;
			files = (
				9D4C78062A7AE4F200B79C01 /* CategoryCostsDesignElements.swift in Sources */,
				9D4C782B2A7CEC9D00B79C01 /* MenuTableViewCell.swift in Sources */,
				9D4C78002A7A409A00B79C01 /* KeyValueDateModel.swift in Sources */,
				9DA0D6732A6ED0E900DFD80F /* DateModel.swift in Sources */,
				9D4C77FC2A79ADB900B79C01 /* ListSortedCostsViewController.swift in Sources */,
				9D1A99CB2A8E81F800A78AC2 /* AddIncomeViewController.swift in Sources */,
				9D9B502C2A9E77C9003F64DA /* ThemeViewController.swift in Sources */,
				9D1A99D02A8E869400A78AC2 /* SaveSumObjectIncomes.swift in Sources */,
				9D1A99C62A8E79B800A78AC2 /* IncomeModelView.swift in Sources */,
				9D9B501C2A9D0241003F64DA /* FirebaseGetIncomes.swift in Sources */,
				9D1A99D92A8F766E00A78AC2 /* FinanceStatisticsViewModel.swift in Sources */,
				9D1A99BF2A8E643100A78AC2 /* CategoryIncomeDesignElements.swift in Sources */,
				9D4C78422A7D2F8300B79C01 /* FinanceGoalsScreen.swift in Sources */,
				9D7364972A6E8CCD00528949 /* AppDelegate.swift in Sources */,
				9D9B50212A9D2382003F64DA /* FirebaseSettings.swift in Sources */,
				9D1A99D22A8E87E600A78AC2 /* SetupCollectionView.swift in Sources */,
				9D4C78272A7CE25B00B79C01 /* MenuViewController.swift in Sources */,
				9D9B501E2A9D228D003F64DA /* SettingsViewModel.swift in Sources */,
				9D7364992A6E8CCD00528949 /* SceneDelegate.swift in Sources */,
				9D2A231A2A7542B100CD86F4 /* ExtensionForGestures.swift in Sources */,
				9DA0D6652A6E8F7300DFD80F /* CostService.swift in Sources */,
				9DA0D6802A6FE0CD00DFD80F /* ButtonsStackView.swift in Sources */,
				9D1A99C22A8E777000A78AC2 /* IncomeCell.swift in Sources */,
				9D4C78082A7AE83500B79C01 /* CellForCostScreen.swift in Sources */,
				9D2A22B82A71076900CD86F4 /* AddCostViewModel.swift in Sources */,
				9D1A99D72A8F6C4E00A78AC2 /* AddGoalViewModel.swift in Sources */,
				9DA0D67E2A6FD47200DFD80F /* Button.swift in Sources */,
				9D4C784E2A7FB30A00B79C01 /* GoalObject.swift in Sources */,
				9D4C784A2A7F90B000B79C01 /* GoalCell.swift in Sources */,
				9D4C77F82A799DEF00B79C01 /* GetListOfCostsByCategoriesService.swift in Sources */,
				9D1A99A82A8D7D5E00A78AC2 /* SumIncomeObjects.swift in Sources */,
				9D1A99B02A8D842000A78AC2 /* CellForIncomeScreen.swift in Sources */,
				9D4C78692A838A0500B79C01 /* SaveSumObjectCosts.swift in Sources */,
				9D4C78602A81134900B79C01 /* CategoryCell.swift in Sources */,
				9D4C78752A877FB500B79C01 /* CalendarViewModel.swift in Sources */,
				9D9B500F2A9CC712003F64DA /* LoginViewController.swift in Sources */,
				9D2A23122A7451D300CD86F4 /* CostScreen.swift in Sources */,
				9D4C78662A82896200B79C01 /* ExtensionSetupCollectionViews.swift in Sources */,
				9DC587682AB301D300CAACC2 /* CostScreenModel.swift in Sources */,
				9D9B50162A9CE2DF003F64DA /* RegDataValidation.swift in Sources */,
				9DA0D6692A6E8FA500DFD80F /* CostModelView.swift in Sources */,
				9D9B50302A9E787A003F64DA /* ThemeCell.swift in Sources */,
				9DA0D66D2A6E8FD700DFD80F /* Categories.swift in Sources */,
				9D1A99B42A8D84A700A78AC2 /* IncomeScreenViewModel.swift in Sources */,
				9D4C77FA2A79ABC200B79C01 /* ListSortedCostsViewModel.swift in Sources */,
				9D9B502E2A9E77D5003F64DA /* ThemeViewModel.swift in Sources */,
				9DA0D6602A6E8F2E00DFD80F /* CostCell.swift in Sources */,
				9D1A99CD2A8E84A700A78AC2 /* AddIncomeViewModel.swift in Sources */,
				9D1A99AA2A8D7FCC00A78AC2 /* IncomeService.swift in Sources */,
				9D4C78502A7FB5CB00B79C01 /* GoalsService.swift in Sources */,
				9D4C77F62A797DEC00B79C01 /* CostCategoryModel.swift in Sources */,
				9D4C78022A7A4C2C00B79C01 /* SumCostModelsService.swift in Sources */,
				9D4C786D2A8617C600B79C01 /* ButtonsSubCategories.swift in Sources */,
				9D4C784C2A7FB29B00B79C01 /* GoalViewModel.swift in Sources */,
				9D4C78462A7D343F00B79C01 /* SettingsScreen.swift in Sources */,
				9D9B50282A9E6A4A003F64DA /* ListSortedIncomesViewModel.swift in Sources */,
				9D1A99DE2A8F897B00A78AC2 /* Theme.swift in Sources */,
				9DC587652AB22C2500CAACC2 /* СustomPieChart.swift in Sources */,
				9D1A99B62A8D886000A78AC2 /* IncomeCategoryModel.swift in Sources */,
				9D1A99A62A8D7C5F00A78AC2 /* IncomeRealm.swift in Sources */,
				9D4C781B2A7BD4D800B79C01 /* Buttons.swift in Sources */,
				9D4C781D2A7CD8C500B79C01 /* MenuIcon.swift in Sources */,
				9DA0D66B2A6E8FC300DFD80F /* DateInfo.swift in Sources */,
				9D1A99DB2A8F7D4C00A78AC2 /* SettingsCell.swift in Sources */,
				9D398ACA2A9A5D8D00938F81 /* MenuStatisticsView.swift in Sources */,
				9D4C78522A7FCC6A00B79C01 /* AddGoalViewController.swift in Sources */,
				9DA0D6632A6E8F5300DFD80F /* CostRealm.swift in Sources */,
				9DA0D6712A6ED08300DFD80F /* DateStorage.swift in Sources */,
				9D1A99AC2A8D81D200A78AC2 /* GetIncomeStatistics.swift in Sources */,
				9DA0D65E2A6E8F1200DFD80F /* CostViewController.swift in Sources */,
				9D1A99BD2A8D891800A78AC2 /* IncomeViewController.swift in Sources */,
				9D4C77FE2A7A3F5000B79C01 /* SumCostObjects.swift in Sources */,
				9D4C786F2A865FE800B79C01 /* CostScreenGoalCell.swift in Sources */,
				9D1A99AE2A8D82DC00A78AC2 /* SumIncomeModelsService.swift in Sources */,
				9D9B50112A9CDC92003F64DA /* LoginViewModel.swift in Sources */,
				9D9B50142A9CDF00003F64DA /* FirebaseLogin.swift in Sources */,
				9D4C78622A8116A700B79C01 /* AddCostGoalCell.swift in Sources */,
				9DC5876D2AB30E5A00CAACC2 /* CostScreenProtocol.swift in Sources */,
				9D4C782E2A7CF22B00B79C01 /* MenuModel.swift in Sources */,
				9D4C78582A7FD40600B79C01 /* CollectionViewForIconsCell.swift in Sources */,
				9DC5876A2AB304AC00CAACC2 /* InfoButton.swift in Sources */,
				9D4C78402A7D2A6F00B79C01 /* IncomeScreen.swift in Sources */,
				9D9B502A2A9E6B38003F64DA /* GetListOfIncomesByCategoriesService.swift in Sources */,
				9D9B50182A9CF36C003F64DA /* FirebaseAddCost.swift in Sources */,
				9D4BDE3A2A782937007149EA /* CostScreenViewModel.swift in Sources */,
				9D4C78042A7A8B5900B79C01 /* GetCostStatistics.swift in Sources */,
				9D1A99D52A8EB68200A78AC2 /* TabBarController.swift in Sources */,
				9D9B501A2A9CFE26003F64DA /* FirebaseAddIncome.swift in Sources */,
				9D4C78732A87792A00B79C01 /* CalendarController.swift in Sources */,
				9D4C785E2A8112ED00B79C01 /* AddViewController.swift in Sources */,
				9D4C78642A82240000B79C01 /* DateCell.swift in Sources */,
				9D4C78442A7D332E00B79C01 /* FinanceStatisticsScreen.swift in Sources */,
				9D9B50262A9E6A31003F64DA /* ListSortedIncomesViewController.swift in Sources */,
			);
			runOnlyForDeploymentPostprocessing = 0;
		};
		9D9B4FC02A9CA855003F64DA /* Sources */ = {
			isa = PBXSourcesBuildPhase;
			buildActionMask = 2147483647;
			files = (
				9D9B4FC72A9CA855003F64DA /* FinanceUITests.swift in Sources */,
				9D9B4FC92A9CA855003F64DA /* FinanceUITestsLaunchTests.swift in Sources */,
			);
			runOnlyForDeploymentPostprocessing = 0;
		};
/* End PBXSourcesBuildPhase section */

/* Begin PBXTargetDependency section */
		9D9B4FCB2A9CA855003F64DA /* PBXTargetDependency */ = {
			isa = PBXTargetDependency;
			target = 9D7364922A6E8CCD00528949 /* Finance */;
			targetProxy = 9D9B4FCA2A9CA855003F64DA /* PBXContainerItemProxy */;
		};
/* End PBXTargetDependency section */

/* Begin PBXVariantGroup section */
		9D73649C2A6E8CCD00528949 /* Main.storyboard */ = {
			isa = PBXVariantGroup;
			children = (
				9D73649D2A6E8CCD00528949 /* Base */,
			);
			name = Main.storyboard;
			sourceTree = "<group>";
		};
		9D7364A12A6E8CCE00528949 /* LaunchScreen.storyboard */ = {
			isa = PBXVariantGroup;
			children = (
				9D7364A22A6E8CCE00528949 /* Base */,
			);
			name = LaunchScreen.storyboard;
			sourceTree = "<group>";
		};
/* End PBXVariantGroup section */

/* Begin XCBuildConfiguration section */
		9D7364A52A6E8CCE00528949 /* Debug */ = {
			isa = XCBuildConfiguration;
			buildSettings = {
				ALWAYS_SEARCH_USER_PATHS = NO;
				CLANG_ANALYZER_NONNULL = YES;
				CLANG_ANALYZER_NUMBER_OBJECT_CONVERSION = YES_AGGRESSIVE;
				CLANG_CXX_LANGUAGE_STANDARD = "gnu++20";
				CLANG_ENABLE_MODULES = YES;
				CLANG_ENABLE_OBJC_ARC = YES;
				CLANG_ENABLE_OBJC_WEAK = YES;
				CLANG_WARN_BLOCK_CAPTURE_AUTORELEASING = YES;
				CLANG_WARN_BOOL_CONVERSION = YES;
				CLANG_WARN_COMMA = YES;
				CLANG_WARN_CONSTANT_CONVERSION = YES;
				CLANG_WARN_DEPRECATED_OBJC_IMPLEMENTATIONS = YES;
				CLANG_WARN_DIRECT_OBJC_ISA_USAGE = YES_ERROR;
				CLANG_WARN_DOCUMENTATION_COMMENTS = YES;
				CLANG_WARN_EMPTY_BODY = YES;
				CLANG_WARN_ENUM_CONVERSION = YES;
				CLANG_WARN_INFINITE_RECURSION = YES;
				CLANG_WARN_INT_CONVERSION = YES;
				CLANG_WARN_NON_LITERAL_NULL_CONVERSION = YES;
				CLANG_WARN_OBJC_IMPLICIT_RETAIN_SELF = YES;
				CLANG_WARN_OBJC_LITERAL_CONVERSION = YES;
				CLANG_WARN_OBJC_ROOT_CLASS = YES_ERROR;
				CLANG_WARN_QUOTED_INCLUDE_IN_FRAMEWORK_HEADER = YES;
				CLANG_WARN_RANGE_LOOP_ANALYSIS = YES;
				CLANG_WARN_STRICT_PROTOTYPES = YES;
				CLANG_WARN_SUSPICIOUS_MOVE = YES;
				CLANG_WARN_UNGUARDED_AVAILABILITY = YES_AGGRESSIVE;
				CLANG_WARN_UNREACHABLE_CODE = YES;
				CLANG_WARN__DUPLICATE_METHOD_MATCH = YES;
				COPY_PHASE_STRIP = NO;
				DEBUG_INFORMATION_FORMAT = dwarf;
				ENABLE_STRICT_OBJC_MSGSEND = YES;
				ENABLE_TESTABILITY = YES;
				GCC_C_LANGUAGE_STANDARD = gnu11;
				GCC_DYNAMIC_NO_PIC = NO;
				GCC_NO_COMMON_BLOCKS = YES;
				GCC_OPTIMIZATION_LEVEL = 0;
				GCC_PREPROCESSOR_DEFINITIONS = (
					"DEBUG=1",
					"$(inherited)",
				);
				GCC_WARN_64_TO_32_BIT_CONVERSION = YES;
				GCC_WARN_ABOUT_RETURN_TYPE = YES_ERROR;
				GCC_WARN_UNDECLARED_SELECTOR = YES;
				GCC_WARN_UNINITIALIZED_AUTOS = YES_AGGRESSIVE;
				GCC_WARN_UNUSED_FUNCTION = YES;
				GCC_WARN_UNUSED_VARIABLE = YES;
				IPHONEOS_DEPLOYMENT_TARGET = 16.4;
				MTL_ENABLE_DEBUG_INFO = INCLUDE_SOURCE;
				MTL_FAST_MATH = YES;
				ONLY_ACTIVE_ARCH = YES;
				SDKROOT = iphoneos;
				SWIFT_ACTIVE_COMPILATION_CONDITIONS = DEBUG;
				SWIFT_OPTIMIZATION_LEVEL = "-Onone";
			};
			name = Debug;
		};
		9D7364A62A6E8CCE00528949 /* Release */ = {
			isa = XCBuildConfiguration;
			buildSettings = {
				ALWAYS_SEARCH_USER_PATHS = NO;
				CLANG_ANALYZER_NONNULL = YES;
				CLANG_ANALYZER_NUMBER_OBJECT_CONVERSION = YES_AGGRESSIVE;
				CLANG_CXX_LANGUAGE_STANDARD = "gnu++20";
				CLANG_ENABLE_MODULES = YES;
				CLANG_ENABLE_OBJC_ARC = YES;
				CLANG_ENABLE_OBJC_WEAK = YES;
				CLANG_WARN_BLOCK_CAPTURE_AUTORELEASING = YES;
				CLANG_WARN_BOOL_CONVERSION = YES;
				CLANG_WARN_COMMA = YES;
				CLANG_WARN_CONSTANT_CONVERSION = YES;
				CLANG_WARN_DEPRECATED_OBJC_IMPLEMENTATIONS = YES;
				CLANG_WARN_DIRECT_OBJC_ISA_USAGE = YES_ERROR;
				CLANG_WARN_DOCUMENTATION_COMMENTS = YES;
				CLANG_WARN_EMPTY_BODY = YES;
				CLANG_WARN_ENUM_CONVERSION = YES;
				CLANG_WARN_INFINITE_RECURSION = YES;
				CLANG_WARN_INT_CONVERSION = YES;
				CLANG_WARN_NON_LITERAL_NULL_CONVERSION = YES;
				CLANG_WARN_OBJC_IMPLICIT_RETAIN_SELF = YES;
				CLANG_WARN_OBJC_LITERAL_CONVERSION = YES;
				CLANG_WARN_OBJC_ROOT_CLASS = YES_ERROR;
				CLANG_WARN_QUOTED_INCLUDE_IN_FRAMEWORK_HEADER = YES;
				CLANG_WARN_RANGE_LOOP_ANALYSIS = YES;
				CLANG_WARN_STRICT_PROTOTYPES = YES;
				CLANG_WARN_SUSPICIOUS_MOVE = YES;
				CLANG_WARN_UNGUARDED_AVAILABILITY = YES_AGGRESSIVE;
				CLANG_WARN_UNREACHABLE_CODE = YES;
				CLANG_WARN__DUPLICATE_METHOD_MATCH = YES;
				COPY_PHASE_STRIP = NO;
				DEBUG_INFORMATION_FORMAT = "dwarf-with-dsym";
				ENABLE_NS_ASSERTIONS = NO;
				ENABLE_STRICT_OBJC_MSGSEND = YES;
				GCC_C_LANGUAGE_STANDARD = gnu11;
				GCC_NO_COMMON_BLOCKS = YES;
				GCC_WARN_64_TO_32_BIT_CONVERSION = YES;
				GCC_WARN_ABOUT_RETURN_TYPE = YES_ERROR;
				GCC_WARN_UNDECLARED_SELECTOR = YES;
				GCC_WARN_UNINITIALIZED_AUTOS = YES_AGGRESSIVE;
				GCC_WARN_UNUSED_FUNCTION = YES;
				GCC_WARN_UNUSED_VARIABLE = YES;
				IPHONEOS_DEPLOYMENT_TARGET = 16.4;
				MTL_ENABLE_DEBUG_INFO = NO;
				MTL_FAST_MATH = YES;
				SDKROOT = iphoneos;
				SWIFT_COMPILATION_MODE = wholemodule;
				SWIFT_OPTIMIZATION_LEVEL = "-O";
				VALIDATE_PRODUCT = YES;
			};
			name = Release;
		};
		9D7364A82A6E8CCE00528949 /* Debug */ = {
			isa = XCBuildConfiguration;
			baseConfigurationReference = 9100CF1E62AB52898C622ED7 /* Pods-Finance.debug.xcconfig */;
			buildSettings = {
				ASSETCATALOG_COMPILER_APPICON_NAME = AppIcon;
				ASSETCATALOG_COMPILER_GLOBAL_ACCENT_COLOR_NAME = AccentColor;
				CODE_SIGN_STYLE = Automatic;
				CURRENT_PROJECT_VERSION = 1;
				DEVELOPMENT_TEAM = 34UB5HMPNV;
				GENERATE_INFOPLIST_FILE = YES;
				INFOPLIST_FILE = Finance/Info.plist;
				INFOPLIST_KEY_UIApplicationSupportsIndirectInputEvents = YES;
				INFOPLIST_KEY_UILaunchStoryboardName = LaunchScreen;
				INFOPLIST_KEY_UIMainStoryboardFile = Main;
				INFOPLIST_KEY_UISupportedInterfaceOrientations = UIInterfaceOrientationPortrait;
				INFOPLIST_KEY_UISupportedInterfaceOrientations_iPad = "UIInterfaceOrientationLandscapeLeft UIInterfaceOrientationLandscapeRight UIInterfaceOrientationPortrait UIInterfaceOrientationPortraitUpsideDown";
				IPHONEOS_DEPLOYMENT_TARGET = 16.0;
				LD_RUNPATH_SEARCH_PATHS = (
					"$(inherited)",
					"@executable_path/Frameworks",
				);
				MARKETING_VERSION = 1.0;
				PRODUCT_BUNDLE_IDENTIFIER = ilyaagoryaev.Finance;
				PRODUCT_NAME = "$(TARGET_NAME)";
				SUPPORTED_PLATFORMS = "iphoneos iphonesimulator";
				SUPPORTS_MACCATALYST = NO;
				SUPPORTS_MAC_DESIGNED_FOR_IPHONE_IPAD = NO;
				SWIFT_EMIT_LOC_STRINGS = YES;
				SWIFT_VERSION = 5.0;
				TARGETED_DEVICE_FAMILY = 1;
			};
			name = Debug;
		};
		9D7364A92A6E8CCE00528949 /* Release */ = {
			isa = XCBuildConfiguration;
			baseConfigurationReference = B984D3EDD309F9C13FDB8446 /* Pods-Finance.release.xcconfig */;
			buildSettings = {
				ASSETCATALOG_COMPILER_APPICON_NAME = AppIcon;
				ASSETCATALOG_COMPILER_GLOBAL_ACCENT_COLOR_NAME = AccentColor;
				CODE_SIGN_STYLE = Automatic;
				CURRENT_PROJECT_VERSION = 1;
				DEVELOPMENT_TEAM = 34UB5HMPNV;
				GENERATE_INFOPLIST_FILE = YES;
				INFOPLIST_FILE = Finance/Info.plist;
				INFOPLIST_KEY_UIApplicationSupportsIndirectInputEvents = YES;
				INFOPLIST_KEY_UILaunchStoryboardName = LaunchScreen;
				INFOPLIST_KEY_UIMainStoryboardFile = Main;
				INFOPLIST_KEY_UISupportedInterfaceOrientations = UIInterfaceOrientationPortrait;
				INFOPLIST_KEY_UISupportedInterfaceOrientations_iPad = "UIInterfaceOrientationLandscapeLeft UIInterfaceOrientationLandscapeRight UIInterfaceOrientationPortrait UIInterfaceOrientationPortraitUpsideDown";
				IPHONEOS_DEPLOYMENT_TARGET = 16.0;
				LD_RUNPATH_SEARCH_PATHS = (
					"$(inherited)",
					"@executable_path/Frameworks",
				);
				MARKETING_VERSION = 1.0;
				PRODUCT_BUNDLE_IDENTIFIER = ilyaagoryaev.Finance;
				PRODUCT_NAME = "$(TARGET_NAME)";
				SUPPORTED_PLATFORMS = "iphoneos iphonesimulator";
				SUPPORTS_MACCATALYST = NO;
				SUPPORTS_MAC_DESIGNED_FOR_IPHONE_IPAD = NO;
				SWIFT_EMIT_LOC_STRINGS = YES;
				SWIFT_VERSION = 5.0;
				TARGETED_DEVICE_FAMILY = 1;
			};
			name = Release;
		};
		9D9B4FCD2A9CA855003F64DA /* Debug */ = {
			isa = XCBuildConfiguration;
			buildSettings = {
				CODE_SIGN_STYLE = Automatic;
				CURRENT_PROJECT_VERSION = 1;
				DEVELOPMENT_TEAM = 34UB5HMPNV;
				GENERATE_INFOPLIST_FILE = YES;
				MARKETING_VERSION = 1.0;
				PRODUCT_BUNDLE_IDENTIFIER = ilyaagoryaev.FinanceUITests;
				PRODUCT_NAME = "$(TARGET_NAME)";
				SWIFT_EMIT_LOC_STRINGS = NO;
				SWIFT_VERSION = 5.0;
				TARGETED_DEVICE_FAMILY = "1,2";
				TEST_TARGET_NAME = Finance;
			};
			name = Debug;
		};
		9D9B4FCE2A9CA855003F64DA /* Release */ = {
			isa = XCBuildConfiguration;
			buildSettings = {
				CODE_SIGN_STYLE = Automatic;
				CURRENT_PROJECT_VERSION = 1;
				DEVELOPMENT_TEAM = 34UB5HMPNV;
				GENERATE_INFOPLIST_FILE = YES;
				MARKETING_VERSION = 1.0;
				PRODUCT_BUNDLE_IDENTIFIER = ilyaagoryaev.FinanceUITests;
				PRODUCT_NAME = "$(TARGET_NAME)";
				SWIFT_EMIT_LOC_STRINGS = NO;
				SWIFT_VERSION = 5.0;
				TARGETED_DEVICE_FAMILY = "1,2";
				TEST_TARGET_NAME = Finance;
			};
			name = Release;
		};
/* End XCBuildConfiguration section */

/* Begin XCConfigurationList section */
		9D73648E2A6E8CCD00528949 /* Build configuration list for PBXProject "Finance" */ = {
			isa = XCConfigurationList;
			buildConfigurations = (
				9D7364A52A6E8CCE00528949 /* Debug */,
				9D7364A62A6E8CCE00528949 /* Release */,
			);
			defaultConfigurationIsVisible = 0;
			defaultConfigurationName = Release;
		};
		9D7364A72A6E8CCE00528949 /* Build configuration list for PBXNativeTarget "Finance" */ = {
			isa = XCConfigurationList;
			buildConfigurations = (
				9D7364A82A6E8CCE00528949 /* Debug */,
				9D7364A92A6E8CCE00528949 /* Release */,
			);
			defaultConfigurationIsVisible = 0;
			defaultConfigurationName = Release;
		};
		9D9B4FCC2A9CA855003F64DA /* Build configuration list for PBXNativeTarget "FinanceUITests" */ = {
			isa = XCConfigurationList;
			buildConfigurations = (
				9D9B4FCD2A9CA855003F64DA /* Debug */,
				9D9B4FCE2A9CA855003F64DA /* Release */,
			);
			defaultConfigurationIsVisible = 0;
			defaultConfigurationName = Release;
		};
/* End XCConfigurationList section */

/* Begin XCRemoteSwiftPackageReference section */
		9D9B4FB92A9CA710003F64DA /* XCRemoteSwiftPackageReference "SnapKit" */ = {
			isa = XCRemoteSwiftPackageReference;
			repositoryURL = "https://github.com/SnapKit/SnapKit.git";
			requirement = {
				kind = upToNextMajorVersion;
				minimumVersion = 5.0.0;
			};
		};
		9D9B4FCF2A9CB02E003F64DA /* XCRemoteSwiftPackageReference "firebase-ios-sdk" */ = {
			isa = XCRemoteSwiftPackageReference;
			repositoryURL = "https://github.com/firebase/firebase-ios-sdk";
			requirement = {
				kind = upToNextMajorVersion;
				minimumVersion = 10.0.0;
			};
		};
		9D9B50222A9D4EB1003F64DA /* XCRemoteSwiftPackageReference "Charts" */ = {
			isa = XCRemoteSwiftPackageReference;
			repositoryURL = "https://github.com/danielgindi/Charts.git";
			requirement = {
				kind = upToNextMajorVersion;
				minimumVersion = 5.0.0;
			};
		};
		9DA0D6582A6E8EC000DFD80F /* XCRemoteSwiftPackageReference "realm-swift" */ = {
			isa = XCRemoteSwiftPackageReference;
			repositoryURL = "https://github.com/realm/realm-swift.git";
			requirement = {
				branch = master;
				kind = branch;
			};
		};
/* End XCRemoteSwiftPackageReference section */

/* Begin XCSwiftPackageProductDependency section */
		9D9B4FBA2A9CA710003F64DA /* SnapKit */ = {
			isa = XCSwiftPackageProductDependency;
			package = 9D9B4FB92A9CA710003F64DA /* XCRemoteSwiftPackageReference "SnapKit" */;
			productName = SnapKit;
		};
		9D9B4FBC2A9CA7E3003F64DA /* Realm */ = {
			isa = XCSwiftPackageProductDependency;
			package = 9DA0D6582A6E8EC000DFD80F /* XCRemoteSwiftPackageReference "realm-swift" */;
			productName = Realm;
		};
		9D9B4FBE2A9CA7E7003F64DA /* RealmSwift */ = {
			isa = XCSwiftPackageProductDependency;
			package = 9DA0D6582A6E8EC000DFD80F /* XCRemoteSwiftPackageReference "realm-swift" */;
			productName = RealmSwift;
		};
		9D9B4FD02A9CB02E003F64DA /* FirebaseAnalytics */ = {
			isa = XCSwiftPackageProductDependency;
			package = 9D9B4FCF2A9CB02E003F64DA /* XCRemoteSwiftPackageReference "firebase-ios-sdk" */;
			productName = FirebaseAnalytics;
		};
		9D9B4FD22A9CB02E003F64DA /* FirebaseAnalyticsOnDeviceConversion */ = {
			isa = XCSwiftPackageProductDependency;
			package = 9D9B4FCF2A9CB02E003F64DA /* XCRemoteSwiftPackageReference "firebase-ios-sdk" */;
			productName = FirebaseAnalyticsOnDeviceConversion;
		};
		9D9B4FD42A9CB02E003F64DA /* FirebaseAnalyticsSwift */ = {
			isa = XCSwiftPackageProductDependency;
			package = 9D9B4FCF2A9CB02E003F64DA /* XCRemoteSwiftPackageReference "firebase-ios-sdk" */;
			productName = FirebaseAnalyticsSwift;
		};
		9D9B4FD62A9CB02E003F64DA /* FirebaseAnalyticsWithoutAdIdSupport */ = {
			isa = XCSwiftPackageProductDependency;
			package = 9D9B4FCF2A9CB02E003F64DA /* XCRemoteSwiftPackageReference "firebase-ios-sdk" */;
			productName = FirebaseAnalyticsWithoutAdIdSupport;
		};
		9D9B4FD82A9CB02E003F64DA /* FirebaseAppCheck */ = {
			isa = XCSwiftPackageProductDependency;
			package = 9D9B4FCF2A9CB02E003F64DA /* XCRemoteSwiftPackageReference "firebase-ios-sdk" */;
			productName = FirebaseAppCheck;
		};
		9D9B4FDA2A9CB02E003F64DA /* FirebaseAppDistribution-Beta */ = {
			isa = XCSwiftPackageProductDependency;
			package = 9D9B4FCF2A9CB02E003F64DA /* XCRemoteSwiftPackageReference "firebase-ios-sdk" */;
			productName = "FirebaseAppDistribution-Beta";
		};
		9D9B4FDC2A9CB02E003F64DA /* FirebaseAuth */ = {
			isa = XCSwiftPackageProductDependency;
			package = 9D9B4FCF2A9CB02E003F64DA /* XCRemoteSwiftPackageReference "firebase-ios-sdk" */;
			productName = FirebaseAuth;
		};
		9D9B4FDE2A9CB02E003F64DA /* FirebaseAuthCombine-Community */ = {
			isa = XCSwiftPackageProductDependency;
			package = 9D9B4FCF2A9CB02E003F64DA /* XCRemoteSwiftPackageReference "firebase-ios-sdk" */;
			productName = "FirebaseAuthCombine-Community";
		};
		9D9B4FE02A9CB02E003F64DA /* FirebaseCrashlytics */ = {
			isa = XCSwiftPackageProductDependency;
			package = 9D9B4FCF2A9CB02E003F64DA /* XCRemoteSwiftPackageReference "firebase-ios-sdk" */;
			productName = FirebaseCrashlytics;
		};
		9D9B4FE22A9CB02E003F64DA /* FirebaseDatabase */ = {
			isa = XCSwiftPackageProductDependency;
			package = 9D9B4FCF2A9CB02E003F64DA /* XCRemoteSwiftPackageReference "firebase-ios-sdk" */;
			productName = FirebaseDatabase;
		};
		9D9B4FE42A9CB02E003F64DA /* FirebaseDatabaseSwift */ = {
			isa = XCSwiftPackageProductDependency;
			package = 9D9B4FCF2A9CB02E003F64DA /* XCRemoteSwiftPackageReference "firebase-ios-sdk" */;
			productName = FirebaseDatabaseSwift;
		};
		9D9B4FE62A9CB02E003F64DA /* FirebaseDynamicLinks */ = {
			isa = XCSwiftPackageProductDependency;
			package = 9D9B4FCF2A9CB02E003F64DA /* XCRemoteSwiftPackageReference "firebase-ios-sdk" */;
			productName = FirebaseDynamicLinks;
		};
		9D9B4FE82A9CB02E003F64DA /* FirebaseFirestore */ = {
			isa = XCSwiftPackageProductDependency;
			package = 9D9B4FCF2A9CB02E003F64DA /* XCRemoteSwiftPackageReference "firebase-ios-sdk" */;
			productName = FirebaseFirestore;
		};
		9D9B4FEA2A9CB02E003F64DA /* FirebaseFirestoreCombine-Community */ = {
			isa = XCSwiftPackageProductDependency;
			package = 9D9B4FCF2A9CB02E003F64DA /* XCRemoteSwiftPackageReference "firebase-ios-sdk" */;
			productName = "FirebaseFirestoreCombine-Community";
		};
		9D9B4FEC2A9CB02F003F64DA /* FirebaseFirestoreSwift */ = {
			isa = XCSwiftPackageProductDependency;
			package = 9D9B4FCF2A9CB02E003F64DA /* XCRemoteSwiftPackageReference "firebase-ios-sdk" */;
			productName = FirebaseFirestoreSwift;
		};
		9D9B4FEE2A9CB02F003F64DA /* FirebaseFunctions */ = {
			isa = XCSwiftPackageProductDependency;
			package = 9D9B4FCF2A9CB02E003F64DA /* XCRemoteSwiftPackageReference "firebase-ios-sdk" */;
			productName = FirebaseFunctions;
		};
		9D9B4FF02A9CB02F003F64DA /* FirebaseFunctionsCombine-Community */ = {
			isa = XCSwiftPackageProductDependency;
			package = 9D9B4FCF2A9CB02E003F64DA /* XCRemoteSwiftPackageReference "firebase-ios-sdk" */;
			productName = "FirebaseFunctionsCombine-Community";
		};
		9D9B4FF22A9CB02F003F64DA /* FirebaseInAppMessaging-Beta */ = {
			isa = XCSwiftPackageProductDependency;
			package = 9D9B4FCF2A9CB02E003F64DA /* XCRemoteSwiftPackageReference "firebase-ios-sdk" */;
			productName = "FirebaseInAppMessaging-Beta";
		};
		9D9B4FF42A9CB02F003F64DA /* FirebaseInAppMessagingSwift-Beta */ = {
			isa = XCSwiftPackageProductDependency;
			package = 9D9B4FCF2A9CB02E003F64DA /* XCRemoteSwiftPackageReference "firebase-ios-sdk" */;
			productName = "FirebaseInAppMessagingSwift-Beta";
		};
		9D9B4FF62A9CB02F003F64DA /* FirebaseInstallations */ = {
			isa = XCSwiftPackageProductDependency;
			package = 9D9B4FCF2A9CB02E003F64DA /* XCRemoteSwiftPackageReference "firebase-ios-sdk" */;
			productName = FirebaseInstallations;
		};
		9D9B4FF82A9CB02F003F64DA /* FirebaseMLModelDownloader */ = {
			isa = XCSwiftPackageProductDependency;
			package = 9D9B4FCF2A9CB02E003F64DA /* XCRemoteSwiftPackageReference "firebase-ios-sdk" */;
			productName = FirebaseMLModelDownloader;
		};
		9D9B4FFA2A9CB02F003F64DA /* FirebaseMessaging */ = {
			isa = XCSwiftPackageProductDependency;
			package = 9D9B4FCF2A9CB02E003F64DA /* XCRemoteSwiftPackageReference "firebase-ios-sdk" */;
			productName = FirebaseMessaging;
		};
		9D9B4FFC2A9CB02F003F64DA /* FirebasePerformance */ = {
			isa = XCSwiftPackageProductDependency;
			package = 9D9B4FCF2A9CB02E003F64DA /* XCRemoteSwiftPackageReference "firebase-ios-sdk" */;
			productName = FirebasePerformance;
		};
		9D9B4FFE2A9CB02F003F64DA /* FirebaseRemoteConfig */ = {
			isa = XCSwiftPackageProductDependency;
			package = 9D9B4FCF2A9CB02E003F64DA /* XCRemoteSwiftPackageReference "firebase-ios-sdk" */;
			productName = FirebaseRemoteConfig;
		};
		9D9B50002A9CB02F003F64DA /* FirebaseRemoteConfigSwift */ = {
			isa = XCSwiftPackageProductDependency;
			package = 9D9B4FCF2A9CB02E003F64DA /* XCRemoteSwiftPackageReference "firebase-ios-sdk" */;
			productName = FirebaseRemoteConfigSwift;
		};
		9D9B50022A9CB02F003F64DA /* FirebaseStorage */ = {
			isa = XCSwiftPackageProductDependency;
			package = 9D9B4FCF2A9CB02E003F64DA /* XCRemoteSwiftPackageReference "firebase-ios-sdk" */;
			productName = FirebaseStorage;
		};
		9D9B50042A9CB02F003F64DA /* FirebaseStorageCombine-Community */ = {
			isa = XCSwiftPackageProductDependency;
			package = 9D9B4FCF2A9CB02E003F64DA /* XCRemoteSwiftPackageReference "firebase-ios-sdk" */;
			productName = "FirebaseStorageCombine-Community";
		};
		9D9B50232A9D4EB1003F64DA /* DGCharts */ = {
			isa = XCSwiftPackageProductDependency;
			package = 9D9B50222A9D4EB1003F64DA /* XCRemoteSwiftPackageReference "Charts" */;
			productName = DGCharts;
		};
/* End XCSwiftPackageProductDependency section */
	};
	rootObject = 9D73648B2A6E8CCD00528949 /* Project object */;
}
